// !$*UTF8*$!
{
	archiveVersion = 1;
	classes = {
	};
	objectVersion = 46;
	objects = {

/* Begin PBXBuildFile section */
		A680493B1C5A6424005787DF /* p447.txt in Resources */ = {isa = PBXBuildFile; fileRef = A680493A1C5A6424005787DF /* p447.txt */; };
		A680493D1C5CE5D9005787DF /* p583.txt in Resources */ = {isa = PBXBuildFile; fileRef = A680493C1C5CE5D9005787DF /* p583.txt */; };
		A680493F1C5CF0A6005787DF /* 508.txt in Resources */ = {isa = PBXBuildFile; fileRef = A680493E1C5CF0A6005787DF /* 508.txt */; };
		A68049411C5D4835005787DF /* p523.txt in Resources */ = {isa = PBXBuildFile; fileRef = A68049401C5D4835005787DF /* p523.txt */; };
		A68049431C5D4E8B005787DF /* p524.txt in Resources */ = {isa = PBXBuildFile; fileRef = A68049421C5D4E8B005787DF /* p524.txt */; };
		A68049451C5D51A8005787DF /* p525.txt in Resources */ = {isa = PBXBuildFile; fileRef = A68049441C5D51A8005787DF /* p525.txt */; };
		A68049471C5FBB8D005787DF /* p573.txt in Resources */ = {isa = PBXBuildFile; fileRef = A68049461C5FBB8D005787DF /* p573.txt */; };
		A6B4C0A01C4E828200212B51 /* main.m in Sources */ = {isa = PBXBuildFile; fileRef = A6B4C09F1C4E828200212B51 /* main.m */; };
		A6B4C0A31C4E828200212B51 /* AppDelegate.m in Sources */ = {isa = PBXBuildFile; fileRef = A6B4C0A21C4E828200212B51 /* AppDelegate.m */; };
		A6B4C0A61C4E828200212B51 /* ViewController.m in Sources */ = {isa = PBXBuildFile; fileRef = A6B4C0A51C4E828200212B51 /* ViewController.m */; };
		A6B4C0A91C4E828200212B51 /* Main.storyboard in Resources */ = {isa = PBXBuildFile; fileRef = A6B4C0A71C4E828200212B51 /* Main.storyboard */; };
		A6B4C0AB1C4E828200212B51 /* Assets.xcassets in Resources */ = {isa = PBXBuildFile; fileRef = A6B4C0AA1C4E828200212B51 /* Assets.xcassets */; };
		A6B4C0AE1C4E828200212B51 /* LaunchScreen.storyboard in Resources */ = {isa = PBXBuildFile; fileRef = A6B4C0AC1C4E828200212B51 /* LaunchScreen.storyboard */; };
		A6B4C0B91C4E828200212B51 /* AlgoritmiElementariUITests.m in Sources */ = {isa = PBXBuildFile; fileRef = A6B4C0B81C4E828200212B51 /* AlgoritmiElementariUITests.m */; };
		A6B4C0C51C4E82FD00212B51 /* UtilsCitireScriere.m in Sources */ = {isa = PBXBuildFile; fileRef = A6B4C0C41C4E82FD00212B51 /* UtilsCitireScriere.m */; };
		A6B4C0C71C4E835200212B51 /* pp.in in Resources */ = {isa = PBXBuildFile; fileRef = A6B4C0C61C4E835200212B51 /* pp.in */; };
		A6B4C0C91C4E9FBD00212B51 /* p370.txt in Resources */ = {isa = PBXBuildFile; fileRef = A6B4C0C81C4E9FBD00212B51 /* p370.txt */; };
		A6B4C0CB1C4EA31600212B51 /* p658.txt in Resources */ = {isa = PBXBuildFile; fileRef = A6B4C0CA1C4EA31600212B51 /* p658.txt */; };
		A6B4C0CD1C4EAD5A00212B51 /* p653.txt in Resources */ = {isa = PBXBuildFile; fileRef = A6B4C0CC1C4EAD5A00212B51 /* p653.txt */; };
		A6B4C0CF1C4EBB4E00212B51 /* p652.txt in Resources */ = {isa = PBXBuildFile; fileRef = A6B4C0CE1C4EBB4E00212B51 /* p652.txt */; };
		A6B4C0D11C4F9DDE00212B51 /* P648.txt in Resources */ = {isa = PBXBuildFile; fileRef = A6B4C0D01C4F9DDE00212B51 /* P648.txt */; };
		A6B4C0D31C4FAB0800212B51 /* p643.txt in Resources */ = {isa = PBXBuildFile; fileRef = A6B4C0D21C4FAB0800212B51 /* p643.txt */; };
		A6B4C0D71C4FB66A00212B51 /* p642.txt in Resources */ = {isa = PBXBuildFile; fileRef = A6B4C0D61C4FB66A00212B51 /* p642.txt */; };
		A6B4C0D91C4FBCDD00212B51 /* p607.txt in Resources */ = {isa = PBXBuildFile; fileRef = A6B4C0D81C4FBCDD00212B51 /* p607.txt */; };
		A6B4C0DB1C4FD57100212B51 /* sortare_insertie.txt in Resources */ = {isa = PBXBuildFile; fileRef = A6B4C0DA1C4FD57100212B51 /* sortare_insertie.txt */; };
		A6B4C0DD1C504BB000212B51 /* p584.txt in Resources */ = {isa = PBXBuildFile; fileRef = A6B4C0DC1C504BB000212B51 /* p584.txt */; };
		A6B4C0DF1C50589E00212B51 /* p569.txt in Resources */ = {isa = PBXBuildFile; fileRef = A6B4C0DE1C50589E00212B51 /* p569.txt */; };
		A6B4C0E21C513BEC00212B51 /* IntervalOrar.m in Sources */ = {isa = PBXBuildFile; fileRef = A6B4C0E11C513BEC00212B51 /* IntervalOrar.m */; };
		A6E7C8451C56602800B25CA2 /* p598.txt in Resources */ = {isa = PBXBuildFile; fileRef = A6E7C8441C56602800B25CA2 /* p598.txt */; };
		A6E7C8471C57A9CB00B25CA2 /* p589.txt in Resources */ = {isa = PBXBuildFile; fileRef = A6E7C8461C57A9CB00B25CA2 /* p589.txt */; };
		A6E7C8491C57ABF100B25CA2 /* p586.txt in Resources */ = {isa = PBXBuildFile; fileRef = A6E7C8481C57ABF100B25CA2 /* p586.txt */; };
		A6E7C84B1C57AED200B25CA2 /* p585.txt in Resources */ = {isa = PBXBuildFile; fileRef = A6E7C84A1C57AED200B25CA2 /* p585.txt */; };
		A6E7C84D1C57B24200B25CA2 /* p13.txt in Resources */ = {isa = PBXBuildFile; fileRef = A6E7C84C1C57B24200B25CA2 /* p13.txt */; };
		A6E7C84F1C57B82900B25CA2 /* p27.txt in Resources */ = {isa = PBXBuildFile; fileRef = A6E7C84E1C57B82900B25CA2 /* p27.txt */; };
		A6E7C8511C57BCE000B25CA2 /* p88.txt in Resources */ = {isa = PBXBuildFile; fileRef = A6E7C8501C57BCE000B25CA2 /* p88.txt */; };
		A6E7C8531C57C0BA00B25CA2 /* p259.txt in Resources */ = {isa = PBXBuildFile; fileRef = A6E7C8521C57C0BA00B25CA2 /* p259.txt */; };
		A6E7C8561C57C98A00B25CA2 /* Bomba.m in Sources */ = {isa = PBXBuildFile; fileRef = A6E7C8551C57C98A00B25CA2 /* Bomba.m */; };
/* End PBXBuildFile section */

/* Begin PBXContainerItemProxy section */
		A6B4C0B51C4E828200212B51 /* PBXContainerItemProxy */ = {
			isa = PBXContainerItemProxy;
			containerPortal = A6B4C0931C4E828200212B51 /* Project object */;
			proxyType = 1;
			remoteGlobalIDString = A6B4C09A1C4E828200212B51;
			remoteInfo = AlgoritmiElementari;
		};
/* End PBXContainerItemProxy section */

/* Begin PBXFileReference section */
		A680493A1C5A6424005787DF /* p447.txt */ = {isa = PBXFileReference; fileEncoding = 4; lastKnownFileType = text; path = p447.txt; sourceTree = "<group>"; };
		A680493C1C5CE5D9005787DF /* p583.txt */ = {isa = PBXFileReference; fileEncoding = 4; lastKnownFileType = text; path = p583.txt; sourceTree = "<group>"; };
		A680493E1C5CF0A6005787DF /* 508.txt */ = {isa = PBXFileReference; fileEncoding = 4; lastKnownFileType = text; path = 508.txt; sourceTree = "<group>"; };
		A68049401C5D4835005787DF /* p523.txt */ = {isa = PBXFileReference; fileEncoding = 4; lastKnownFileType = text; path = p523.txt; sourceTree = "<group>"; };
		A68049421C5D4E8B005787DF /* p524.txt */ = {isa = PBXFileReference; fileEncoding = 4; lastKnownFileType = text; path = p524.txt; sourceTree = "<group>"; };
		A68049441C5D51A8005787DF /* p525.txt */ = {isa = PBXFileReference; fileEncoding = 4; lastKnownFileType = text; path = p525.txt; sourceTree = "<group>"; };
		A68049461C5FBB8D005787DF /* p573.txt */ = {isa = PBXFileReference; fileEncoding = 4; lastKnownFileType = text; path = p573.txt; sourceTree = "<group>"; };
		A6B4C09B1C4E828200212B51 /* AlgoritmiElementari.app */ = {isa = PBXFileReference; explicitFileType = wrapper.application; includeInIndex = 0; path = AlgoritmiElementari.app; sourceTree = BUILT_PRODUCTS_DIR; };
		A6B4C09F1C4E828200212B51 /* main.m */ = {isa = PBXFileReference; lastKnownFileType = sourcecode.c.objc; path = main.m; sourceTree = "<group>"; };
		A6B4C0A11C4E828200212B51 /* AppDelegate.h */ = {isa = PBXFileReference; lastKnownFileType = sourcecode.c.h; path = AppDelegate.h; sourceTree = "<group>"; };
		A6B4C0A21C4E828200212B51 /* AppDelegate.m */ = {isa = PBXFileReference; lastKnownFileType = sourcecode.c.objc; path = AppDelegate.m; sourceTree = "<group>"; };
		A6B4C0A41C4E828200212B51 /* ViewController.h */ = {isa = PBXFileReference; lastKnownFileType = sourcecode.c.h; path = ViewController.h; sourceTree = "<group>"; };
		A6B4C0A51C4E828200212B51 /* ViewController.m */ = {isa = PBXFileReference; lastKnownFileType = sourcecode.c.objc; path = ViewController.m; sourceTree = "<group>"; };
		A6B4C0A81C4E828200212B51 /* Base */ = {isa = PBXFileReference; lastKnownFileType = file.storyboard; name = Base; path = Base.lproj/Main.storyboard; sourceTree = "<group>"; };
		A6B4C0AA1C4E828200212B51 /* Assets.xcassets */ = {isa = PBXFileReference; lastKnownFileType = folder.assetcatalog; path = Assets.xcassets; sourceTree = "<group>"; };
		A6B4C0AD1C4E828200212B51 /* Base */ = {isa = PBXFileReference; lastKnownFileType = file.storyboard; name = Base; path = Base.lproj/LaunchScreen.storyboard; sourceTree = "<group>"; };
		A6B4C0AF1C4E828200212B51 /* Info.plist */ = {isa = PBXFileReference; lastKnownFileType = text.plist.xml; path = Info.plist; sourceTree = "<group>"; };
		A6B4C0B41C4E828200212B51 /* AlgoritmiElementariUITests.xctest */ = {isa = PBXFileReference; explicitFileType = wrapper.cfbundle; includeInIndex = 0; path = AlgoritmiElementariUITests.xctest; sourceTree = BUILT_PRODUCTS_DIR; };
		A6B4C0B81C4E828200212B51 /* AlgoritmiElementariUITests.m */ = {isa = PBXFileReference; lastKnownFileType = sourcecode.c.objc; path = AlgoritmiElementariUITests.m; sourceTree = "<group>"; };
		A6B4C0BA1C4E828200212B51 /* Info.plist */ = {isa = PBXFileReference; lastKnownFileType = text.plist.xml; path = Info.plist; sourceTree = "<group>"; };
		A6B4C0C31C4E82FD00212B51 /* UtilsCitireScriere.h */ = {isa = PBXFileReference; fileEncoding = 4; lastKnownFileType = sourcecode.c.h; path = UtilsCitireScriere.h; sourceTree = "<group>"; };
		A6B4C0C41C4E82FD00212B51 /* UtilsCitireScriere.m */ = {isa = PBXFileReference; fileEncoding = 4; lastKnownFileType = sourcecode.c.objc; path = UtilsCitireScriere.m; sourceTree = "<group>"; };
		A6B4C0C61C4E835200212B51 /* pp.in */ = {isa = PBXFileReference; fileEncoding = 4; lastKnownFileType = text; path = pp.in; sourceTree = "<group>"; };
		A6B4C0C81C4E9FBD00212B51 /* p370.txt */ = {isa = PBXFileReference; fileEncoding = 4; lastKnownFileType = text; path = p370.txt; sourceTree = "<group>"; };
		A6B4C0CA1C4EA31600212B51 /* p658.txt */ = {isa = PBXFileReference; fileEncoding = 4; lastKnownFileType = text; path = p658.txt; sourceTree = "<group>"; };
		A6B4C0CC1C4EAD5A00212B51 /* p653.txt */ = {isa = PBXFileReference; fileEncoding = 4; lastKnownFileType = text; path = p653.txt; sourceTree = "<group>"; };
		A6B4C0CE1C4EBB4E00212B51 /* p652.txt */ = {isa = PBXFileReference; fileEncoding = 4; lastKnownFileType = text; path = p652.txt; sourceTree = "<group>"; };
		A6B4C0D01C4F9DDE00212B51 /* P648.txt */ = {isa = PBXFileReference; fileEncoding = 4; lastKnownFileType = text; path = P648.txt; sourceTree = "<group>"; };
		A6B4C0D21C4FAB0800212B51 /* p643.txt */ = {isa = PBXFileReference; fileEncoding = 4; lastKnownFileType = text; path = p643.txt; sourceTree = "<group>"; };
		A6B4C0D61C4FB66A00212B51 /* p642.txt */ = {isa = PBXFileReference; fileEncoding = 4; lastKnownFileType = text; path = p642.txt; sourceTree = "<group>"; };
		A6B4C0D81C4FBCDD00212B51 /* p607.txt */ = {isa = PBXFileReference; fileEncoding = 4; lastKnownFileType = text; path = p607.txt; sourceTree = "<group>"; };
		A6B4C0DA1C4FD57100212B51 /* sortare_insertie.txt */ = {isa = PBXFileReference; fileEncoding = 4; lastKnownFileType = text; path = sortare_insertie.txt; sourceTree = "<group>"; };
		A6B4C0DC1C504BB000212B51 /* p584.txt */ = {isa = PBXFileReference; fileEncoding = 4; lastKnownFileType = text; path = p584.txt; sourceTree = "<group>"; };
		A6B4C0DE1C50589E00212B51 /* p569.txt */ = {isa = PBXFileReference; fileEncoding = 4; lastKnownFileType = text; path = p569.txt; sourceTree = "<group>"; };
		A6B4C0E01C513BEC00212B51 /* IntervalOrar.h */ = {isa = PBXFileReference; fileEncoding = 4; lastKnownFileType = sourcecode.c.h; path = IntervalOrar.h; sourceTree = "<group>"; };
		A6B4C0E11C513BEC00212B51 /* IntervalOrar.m */ = {isa = PBXFileReference; fileEncoding = 4; lastKnownFileType = sourcecode.c.objc; path = IntervalOrar.m; sourceTree = "<group>"; };
		A6E7C8441C56602800B25CA2 /* p598.txt */ = {isa = PBXFileReference; fileEncoding = 4; lastKnownFileType = text; path = p598.txt; sourceTree = "<group>"; };
		A6E7C8461C57A9CB00B25CA2 /* p589.txt */ = {isa = PBXFileReference; fileEncoding = 4; lastKnownFileType = text; path = p589.txt; sourceTree = "<group>"; };
		A6E7C8481C57ABF100B25CA2 /* p586.txt */ = {isa = PBXFileReference; fileEncoding = 4; lastKnownFileType = text; path = p586.txt; sourceTree = "<group>"; };
		A6E7C84A1C57AED200B25CA2 /* p585.txt */ = {isa = PBXFileReference; fileEncoding = 4; lastKnownFileType = text; path = p585.txt; sourceTree = "<group>"; };
		A6E7C84C1C57B24200B25CA2 /* p13.txt */ = {isa = PBXFileReference; fileEncoding = 4; lastKnownFileType = text; path = p13.txt; sourceTree = "<group>"; };
		A6E7C84E1C57B82900B25CA2 /* p27.txt */ = {isa = PBXFileReference; fileEncoding = 4; lastKnownFileType = text; path = p27.txt; sourceTree = "<group>"; };
		A6E7C8501C57BCE000B25CA2 /* p88.txt */ = {isa = PBXFileReference; fileEncoding = 4; lastKnownFileType = text; path = p88.txt; sourceTree = "<group>"; };
		A6E7C8521C57C0BA00B25CA2 /* p259.txt */ = {isa = PBXFileReference; fileEncoding = 4; lastKnownFileType = text; path = p259.txt; sourceTree = "<group>"; };
		A6E7C8541C57C98A00B25CA2 /* Bomba.h */ = {isa = PBXFileReference; fileEncoding = 4; lastKnownFileType = sourcecode.c.h; path = Bomba.h; sourceTree = "<group>"; };
		A6E7C8551C57C98A00B25CA2 /* Bomba.m */ = {isa = PBXFileReference; fileEncoding = 4; lastKnownFileType = sourcecode.c.objc; path = Bomba.m; sourceTree = "<group>"; };
/* End PBXFileReference section */

/* Begin PBXFrameworksBuildPhase section */
		A6B4C0981C4E828200212B51 /* Frameworks */ = {
			isa = PBXFrameworksBuildPhase;
			buildActionMask = 2147483647;
			files = (
			);
			runOnlyForDeploymentPostprocessing = 0;
		};
		A6B4C0B11C4E828200212B51 /* Frameworks */ = {
			isa = PBXFrameworksBuildPhase;
			buildActionMask = 2147483647;
			files = (
			);
			runOnlyForDeploymentPostprocessing = 0;
		};
/* End PBXFrameworksBuildPhase section */

/* Begin PBXGroup section */
		A68049481C5FE8B1005787DF /* fisiere stringuri si alg elem */ = {
			isa = PBXGroup;
			children = (
				A6E7C8501C57BCE000B25CA2 /* p88.txt */,
				A6B4C0C81C4E9FBD00212B51 /* p370.txt */,
				A6B4C0CA1C4EA31600212B51 /* p658.txt */,
				A6B4C0D01C4F9DDE00212B51 /* P648.txt */,
				A6B4C0D61C4FB66A00212B51 /* p642.txt */,
				A6B4C0D81C4FBCDD00212B51 /* p607.txt */,
				A680493A1C5A6424005787DF /* p447.txt */,
				A6E7C8461C57A9CB00B25CA2 /* p589.txt */,
				A6E7C8481C57ABF100B25CA2 /* p586.txt */,
				A6B4C0CC1C4EAD5A00212B51 /* p653.txt */,
				A6B4C0CE1C4EBB4E00212B51 /* p652.txt */,
				A6B4C0DC1C504BB000212B51 /* p584.txt */,
				A68049421C5D4E8B005787DF /* p524.txt */,
				A680493C1C5CE5D9005787DF /* p583.txt */,
				A6B4C0D21C4FAB0800212B51 /* p643.txt */,
				A6E7C84C1C57B24200B25CA2 /* p13.txt */,
				A6B4C0DE1C50589E00212B51 /* p569.txt */,
				A6B4C0DA1C4FD57100212B51 /* sortare_insertie.txt */,
				A68049461C5FBB8D005787DF /* p573.txt */,
				A6E7C8441C56602800B25CA2 /* p598.txt */,
				A6E7C84A1C57AED200B25CA2 /* p585.txt */,
				A68049441C5D51A8005787DF /* p525.txt */,
				A680493E1C5CF0A6005787DF /* 508.txt */,
				A6E7C8521C57C0BA00B25CA2 /* p259.txt */,
				A68049401C5D4835005787DF /* p523.txt */,
				A6E7C84E1C57B82900B25CA2 /* p27.txt */,
			);
			name = "fisiere stringuri si alg elem";
			sourceTree = "<group>";
		};
		A68049491C5FE8E8005787DF /* fisiere liste */ = {
			isa = PBXGroup;
			children = (
			);
			name = "fisiere liste";
			sourceTree = "<group>";
		};
		A680494A1C5FE8F6005787DF /* fisiere arbori */ = {
			isa = PBXGroup;
			children = (
			);
			name = "fisiere arbori";
			sourceTree = "<group>";
		};
		A6B4C0921C4E828200212B51 = {
			isa = PBXGroup;
			children = (
				A6B4C09D1C4E828200212B51 /* AlgoritmiElementari */,
				A6B4C0B71C4E828200212B51 /* AlgoritmiElementariUITests */,
				A6B4C09C1C4E828200212B51 /* Products */,
			);
			sourceTree = "<group>";
		};
		A6B4C09C1C4E828200212B51 /* Products */ = {
			isa = PBXGroup;
			children = (
				A6B4C09B1C4E828200212B51 /* AlgoritmiElementari.app */,
				A6B4C0B41C4E828200212B51 /* AlgoritmiElementariUITests.xctest */,
			);
			name = Products;
			sourceTree = "<group>";
		};
		A6B4C09D1C4E828200212B51 /* AlgoritmiElementari */ = {
			isa = PBXGroup;
			children = (
				A6B4C0A11C4E828200212B51 /* AppDelegate.h */,
				A6B4C0A21C4E828200212B51 /* AppDelegate.m */,
				A6B4C0A41C4E828200212B51 /* ViewController.h */,
				A6B4C0A51C4E828200212B51 /* ViewController.m */,
				A6B4C0E01C513BEC00212B51 /* IntervalOrar.h */,
				A6B4C0E11C513BEC00212B51 /* IntervalOrar.m */,
				A6E7C8541C57C98A00B25CA2 /* Bomba.h */,
				A6E7C8551C57C98A00B25CA2 /* Bomba.m */,
				A6B4C0C31C4E82FD00212B51 /* UtilsCitireScriere.h */,
				A6B4C0C41C4E82FD00212B51 /* UtilsCitireScriere.m */,
				A6B4C0A71C4E828200212B51 /* Main.storyboard */,
				A6B4C0AA1C4E828200212B51 /* Assets.xcassets */,
				A6B4C0AC1C4E828200212B51 /* LaunchScreen.storyboard */,
				A6B4C0AF1C4E828200212B51 /* Info.plist */,
				A6B4C09E1C4E828200212B51 /* Supporting Files */,
				A6B4C0C61C4E835200212B51 /* pp.in */,
				A680494A1C5FE8F6005787DF /* fisiere arbori */,
				A68049491C5FE8E8005787DF /* fisiere liste */,
				A68049481C5FE8B1005787DF /* fisiere stringuri si alg elem */,
			);
			path = AlgoritmiElementari;
			sourceTree = "<group>";
		};
		A6B4C09E1C4E828200212B51 /* Supporting Files */ = {
			isa = PBXGroup;
			children = (
				A6B4C09F1C4E828200212B51 /* main.m */,
			);
			name = "Supporting Files";
			sourceTree = "<group>";
		};
		A6B4C0B71C4E828200212B51 /* AlgoritmiElementariUITests */ = {
			isa = PBXGroup;
			children = (
				A6B4C0B81C4E828200212B51 /* AlgoritmiElementariUITests.m */,
				A6B4C0BA1C4E828200212B51 /* Info.plist */,
			);
			path = AlgoritmiElementariUITests;
			sourceTree = "<group>";
		};
/* End PBXGroup section */

/* Begin PBXNativeTarget section */
		A6B4C09A1C4E828200212B51 /* AlgoritmiElementari */ = {
			isa = PBXNativeTarget;
			buildConfigurationList = A6B4C0BD1C4E828200212B51 /* Build configuration list for PBXNativeTarget "AlgoritmiElementari" */;
			buildPhases = (
				A6B4C0971C4E828200212B51 /* Sources */,
				A6B4C0981C4E828200212B51 /* Frameworks */,
				A6B4C0991C4E828200212B51 /* Resources */,
			);
			buildRules = (
			);
			dependencies = (
			);
			name = AlgoritmiElementari;
			productName = AlgoritmiElementari;
			productReference = A6B4C09B1C4E828200212B51 /* AlgoritmiElementari.app */;
			productType = "com.apple.product-type.application";
		};
		A6B4C0B31C4E828200212B51 /* AlgoritmiElementariUITests */ = {
			isa = PBXNativeTarget;
			buildConfigurationList = A6B4C0C01C4E828200212B51 /* Build configuration list for PBXNativeTarget "AlgoritmiElementariUITests" */;
			buildPhases = (
				A6B4C0B01C4E828200212B51 /* Sources */,
				A6B4C0B11C4E828200212B51 /* Frameworks */,
				A6B4C0B21C4E828200212B51 /* Resources */,
			);
			buildRules = (
			);
			dependencies = (
				A6B4C0B61C4E828200212B51 /* PBXTargetDependency */,
			);
			name = AlgoritmiElementariUITests;
			productName = AlgoritmiElementariUITests;
			productReference = A6B4C0B41C4E828200212B51 /* AlgoritmiElementariUITests.xctest */;
			productType = "com.apple.product-type.bundle.ui-testing";
		};
/* End PBXNativeTarget section */

/* Begin PBXProject section */
		A6B4C0931C4E828200212B51 /* Project object */ = {
			isa = PBXProject;
			attributes = {
				LastUpgradeCheck = 0720;
				ORGANIZATIONNAME = Horatiu;
				TargetAttributes = {
					A6B4C09A1C4E828200212B51 = {
						CreatedOnToolsVersion = 7.2;
					};
					A6B4C0B31C4E828200212B51 = {
						CreatedOnToolsVersion = 7.2;
						TestTargetID = A6B4C09A1C4E828200212B51;
					};
				};
			};
			buildConfigurationList = A6B4C0961C4E828200212B51 /* Build configuration list for PBXProject "AlgoritmiElementari" */;
			compatibilityVersion = "Xcode 3.2";
			developmentRegion = English;
			hasScannedForEncodings = 0;
			knownRegions = (
				en,
				Base,
			);
			mainGroup = A6B4C0921C4E828200212B51;
			productRefGroup = A6B4C09C1C4E828200212B51 /* Products */;
			projectDirPath = "";
			projectRoot = "";
			targets = (
				A6B4C09A1C4E828200212B51 /* AlgoritmiElementari */,
				A6B4C0B31C4E828200212B51 /* AlgoritmiElementariUITests */,
			);
		};
/* End PBXProject section */

/* Begin PBXResourcesBuildPhase section */
		A6B4C0991C4E828200212B51 /* Resources */ = {
			isa = PBXResourcesBuildPhase;
			buildActionMask = 2147483647;
			files = (
				A68049451C5D51A8005787DF /* p525.txt in Resources */,
				A680493F1C5CF0A6005787DF /* 508.txt in Resources */,
				A6B4C0AE1C4E828200212B51 /* LaunchScreen.storyboard in Resources */,
				A6B4C0DD1C504BB000212B51 /* p584.txt in Resources */,
				A6B4C0CB1C4EA31600212B51 /* p658.txt in Resources */,
				A6E7C8511C57BCE000B25CA2 /* p88.txt in Resources */,
				A680493D1C5CE5D9005787DF /* p583.txt in Resources */,
				A6E7C84F1C57B82900B25CA2 /* p27.txt in Resources */,
				A6B4C0CD1C4EAD5A00212B51 /* p653.txt in Resources */,
				A6B4C0DF1C50589E00212B51 /* p569.txt in Resources */,
				A6E7C84D1C57B24200B25CA2 /* p13.txt in Resources */,
				A6B4C0CF1C4EBB4E00212B51 /* p652.txt in Resources */,
				A6B4C0AB1C4E828200212B51 /* Assets.xcassets in Resources */,
				A6E7C8491C57ABF100B25CA2 /* p586.txt in Resources */,
				A6B4C0D11C4F9DDE00212B51 /* P648.txt in Resources */,
				A6B4C0DB1C4FD57100212B51 /* sortare_insertie.txt in Resources */,
				A680493B1C5A6424005787DF /* p447.txt in Resources */,
				A6B4C0C71C4E835200212B51 /* pp.in in Resources */,
				A6B4C0D91C4FBCDD00212B51 /* p607.txt in Resources */,
				A68049471C5FBB8D005787DF /* p573.txt in Resources */,
				A6E7C84B1C57AED200B25CA2 /* p585.txt in Resources */,
				A6B4C0D71C4FB66A00212B51 /* p642.txt in Resources */,
				A6E7C8451C56602800B25CA2 /* p598.txt in Resources */,
				A68049431C5D4E8B005787DF /* p524.txt in Resources */,
				A6B4C0A91C4E828200212B51 /* Main.storyboard in Resources */,
				A6B4C0C91C4E9FBD00212B51 /* p370.txt in Resources */,
				A6B4C0D31C4FAB0800212B51 /* p643.txt in Resources */,
				A6E7C8531C57C0BA00B25CA2 /* p259.txt in Resources */,
				A68049411C5D4835005787DF /* p523.txt in Resources */,
				A6E7C8471C57A9CB00B25CA2 /* p589.txt in Resources */,
			);
			runOnlyForDeploymentPostprocessing = 0;
		};
		A6B4C0B21C4E828200212B51 /* Resources */ = {
			isa = PBXResourcesBuildPhase;
			buildActionMask = 2147483647;
			files = (
			);
			runOnlyForDeploymentPostprocessing = 0;
		};
/* End PBXResourcesBuildPhase section */

/* Begin PBXSourcesBuildPhase section */
		A6B4C0971C4E828200212B51 /* Sources */ = {
			isa = PBXSourcesBuildPhase;
			buildActionMask = 2147483647;
			files = (
				A6B4C0E21C513BEC00212B51 /* IntervalOrar.m in Sources */,
				A6B4C0A61C4E828200212B51 /* ViewController.m in Sources */,
				A6B4C0C51C4E82FD00212B51 /* UtilsCitireScriere.m in Sources */,
				A6E7C8561C57C98A00B25CA2 /* Bomba.m in Sources */,
				A6B4C0A31C4E828200212B51 /* AppDelegate.m in Sources */,
				A6B4C0A01C4E828200212B51 /* main.m in Sources */,
			);
			runOnlyForDeploymentPostprocessing = 0;
		};
		A6B4C0B01C4E828200212B51 /* Sources */ = {
			isa = PBXSourcesBuildPhase;
			buildActionMask = 2147483647;
			files = (
				A6B4C0B91C4E828200212B51 /* AlgoritmiElementariUITests.m in Sources */,
			);
			runOnlyForDeploymentPostprocessing = 0;
		};
/* End PBXSourcesBuildPhase section */

/* Begin PBXTargetDependency section */
		A6B4C0B61C4E828200212B51 /* PBXTargetDependency */ = {
			isa = PBXTargetDependency;
			target = A6B4C09A1C4E828200212B51 /* AlgoritmiElementari */;
			targetProxy = A6B4C0B51C4E828200212B51 /* PBXContainerItemProxy */;
		};
/* End PBXTargetDependency section */

/* Begin PBXVariantGroup section */
		A6B4C0A71C4E828200212B51 /* Main.storyboard */ = {
			isa = PBXVariantGroup;
			children = (
				A6B4C0A81C4E828200212B51 /* Base */,
			);
			name = Main.storyboard;
			sourceTree = "<group>";
		};
		A6B4C0AC1C4E828200212B51 /* LaunchScreen.storyboard */ = {
			isa = PBXVariantGroup;
			children = (
				A6B4C0AD1C4E828200212B51 /* Base */,
			);
			name = LaunchScreen.storyboard;
			sourceTree = "<group>";
		};
/* End PBXVariantGroup section */

/* Begin XCBuildConfiguration section */
		A6B4C0BB1C4E828200212B51 /* Debug */ = {
			isa = XCBuildConfiguration;
			buildSettings = {
				ALWAYS_SEARCH_USER_PATHS = NO;
				CLANG_CXX_LANGUAGE_STANDARD = "gnu++0x";
				CLANG_CXX_LIBRARY = "libc++";
				CLANG_ENABLE_MODULES = YES;
				CLANG_ENABLE_OBJC_ARC = YES;
				CLANG_WARN_BOOL_CONVERSION = YES;
				CLANG_WARN_CONSTANT_CONVERSION = YES;
				CLANG_WARN_DIRECT_OBJC_ISA_USAGE = YES_ERROR;
				CLANG_WARN_EMPTY_BODY = YES;
				CLANG_WARN_ENUM_CONVERSION = YES;
				CLANG_WARN_INT_CONVERSION = YES;
				CLANG_WARN_OBJC_ROOT_CLASS = YES_ERROR;
				CLANG_WARN_UNREACHABLE_CODE = YES;
				CLANG_WARN__DUPLICATE_METHOD_MATCH = YES;
				"CODE_SIGN_IDENTITY[sdk=iphoneos*]" = "iPhone Developer";
				COPY_PHASE_STRIP = NO;
				DEBUG_INFORMATION_FORMAT = dwarf;
				ENABLE_STRICT_OBJC_MSGSEND = YES;
				ENABLE_TESTABILITY = YES;
				GCC_C_LANGUAGE_STANDARD = gnu99;
				GCC_DYNAMIC_NO_PIC = NO;
				GCC_NO_COMMON_BLOCKS = YES;
				GCC_OPTIMIZATION_LEVEL = 0;
				GCC_PREPROCESSOR_DEFINITIONS = (
					"DEBUG=1",
					"$(inherited)",
				);
				GCC_WARN_64_TO_32_BIT_CONVERSION = YES;
				GCC_WARN_ABOUT_RETURN_TYPE = YES_ERROR;
				GCC_WARN_UNDECLARED_SELECTOR = YES;
				GCC_WARN_UNINITIALIZED_AUTOS = YES_AGGRESSIVE;
				GCC_WARN_UNUSED_FUNCTION = YES;
				GCC_WARN_UNUSED_VARIABLE = YES;
				IPHONEOS_DEPLOYMENT_TARGET = 9.2;
				MTL_ENABLE_DEBUG_INFO = YES;
				ONLY_ACTIVE_ARCH = YES;
				SDKROOT = iphoneos;
				TARGETED_DEVICE_FAMILY = "1,2";
			};
			name = Debug;
		};
		A6B4C0BC1C4E828200212B51 /* Release */ = {
			isa = XCBuildConfiguration;
			buildSettings = {
				ALWAYS_SEARCH_USER_PATHS = NO;
				CLANG_CXX_LANGUAGE_STANDARD = "gnu++0x";
				CLANG_CXX_LIBRARY = "libc++";
				CLANG_ENABLE_MODULES = YES;
				CLANG_ENABLE_OBJC_ARC = YES;
				CLANG_WARN_BOOL_CONVERSION = YES;
				CLANG_WARN_CONSTANT_CONVERSION = YES;
				CLANG_WARN_DIRECT_OBJC_ISA_USAGE = YES_ERROR;
				CLANG_WARN_EMPTY_BODY = YES;
				CLANG_WARN_ENUM_CONVERSION = YES;
				CLANG_WARN_INT_CONVERSION = YES;
				CLANG_WARN_OBJC_ROOT_CLASS = YES_ERROR;
				CLANG_WARN_UNREACHABLE_CODE = YES;
				CLANG_WARN__DUPLICATE_METHOD_MATCH = YES;
				"CODE_SIGN_IDENTITY[sdk=iphoneos*]" = "iPhone Developer";
				COPY_PHASE_STRIP = NO;
				DEBUG_INFORMATION_FORMAT = "dwarf-with-dsym";
				ENABLE_NS_ASSERTIONS = NO;
				ENABLE_STRICT_OBJC_MSGSEND = YES;
				GCC_C_LANGUAGE_STANDARD = gnu99;
				GCC_NO_COMMON_BLOCKS = YES;
				GCC_WARN_64_TO_32_BIT_CONVERSION = YES;
				GCC_WARN_ABOUT_RETURN_TYPE = YES_ERROR;
				GCC_WARN_UNDECLARED_SELECTOR = YES;
				GCC_WARN_UNINITIALIZED_AUTOS = YES_AGGRESSIVE;
				GCC_WARN_UNUSED_FUNCTION = YES;
				GCC_WARN_UNUSED_VARIABLE = YES;
				IPHONEOS_DEPLOYMENT_TARGET = 9.2;
				MTL_ENABLE_DEBUG_INFO = NO;
				SDKROOT = iphoneos;
				TARGETED_DEVICE_FAMILY = "1,2";
				VALIDATE_PRODUCT = YES;
			};
			name = Release;
		};
		A6B4C0BE1C4E828200212B51 /* Debug */ = {
			isa = XCBuildConfiguration;
			buildSettings = {
				ASSETCATALOG_COMPILER_APPICON_NAME = AppIcon;
				INFOPLIST_FILE = AlgoritmiElementari/Info.plist;
				LD_RUNPATH_SEARCH_PATHS = "$(inherited) @executable_path/Frameworks";
				PRODUCT_BUNDLE_IDENTIFIER = com.patras.AlgoritmiElementari;
				PRODUCT_NAME = "$(TARGET_NAME)";
			};
			name = Debug;
		};
		A6B4C0BF1C4E828200212B51 /* Release */ = {
			isa = XCBuildConfiguration;
			buildSettings = {
				ASSETCATALOG_COMPILER_APPICON_NAME = AppIcon;
				INFOPLIST_FILE = AlgoritmiElementari/Info.plist;
				LD_RUNPATH_SEARCH_PATHS = "$(inherited) @executable_path/Frameworks";
				PRODUCT_BUNDLE_IDENTIFIER = com.patras.AlgoritmiElementari;
				PRODUCT_NAME = "$(TARGET_NAME)";
			};
			name = Release;
		};
		A6B4C0C11C4E828200212B51 /* Debug */ = {
			isa = XCBuildConfiguration;
			buildSettings = {
				INFOPLIST_FILE = AlgoritmiElementariUITests/Info.plist;
				LD_RUNPATH_SEARCH_PATHS = "$(inherited) @executable_path/Frameworks @loader_path/Frameworks";
				PRODUCT_BUNDLE_IDENTIFIER = com.patras.AlgoritmiElementariUITests;
				PRODUCT_NAME = "$(TARGET_NAME)";
				TEST_TARGET_NAME = AlgoritmiElementari;
				USES_XCTRUNNER = YES;
			};
			name = Debug;
		};
		A6B4C0C21C4E828200212B51 /* Release */ = {
			isa = XCBuildConfiguration;
			buildSettings = {
				INFOPLIST_FILE = AlgoritmiElementariUITests/Info.plist;
				LD_RUNPATH_SEARCH_PATHS = "$(inherited) @executable_path/Frameworks @loader_path/Frameworks";
				PRODUCT_BUNDLE_IDENTIFIER = com.patras.AlgoritmiElementariUITests;
				PRODUCT_NAME = "$(TARGET_NAME)";
				TEST_TARGET_NAME = AlgoritmiElementari;
				USES_XCTRUNNER = YES;
			};
			name = Release;
		};
/* End XCBuildConfiguration section */

/* Begin XCConfigurationList section */
		A6B4C0961C4E828200212B51 /* Build configuration list for PBXProject "AlgoritmiElementari" */ = {
			isa = XCConfigurationList;
			buildConfigurations = (
				A6B4C0BB1C4E828200212B51 /* Debug */,
				A6B4C0BC1C4E828200212B51 /* Release */,
			);
			defaultConfigurationIsVisible = 0;
			defaultConfigurationName = Release;
		};
		A6B4C0BD1C4E828200212B51 /* Build configuration list for PBXNativeTarget "AlgoritmiElementari" */ = {
			isa = XCConfigurationList;
			buildConfigurations = (
				A6B4C0BE1C4E828200212B51 /* Debug */,
				A6B4C0BF1C4E828200212B51 /* Release */,
			);
			defaultConfigurationIsVisible = 0;
			defaultConfigurationName = Release;
		};
		A6B4C0C01C4E828200212B51 /* Build configuration list for PBXNativeTarget "AlgoritmiElementariUITests" */ = {
			isa = XCConfigurationList;
			buildConfigurations = (
				A6B4C0C11C4E828200212B51 /* Debug */,
				A6B4C0C21C4E828200212B51 /* Release */,
			);
			defaultConfigurationIsVisible = 0;
			defaultConfigurationName = Release;
		};
/* End XCConfigurationList section */
	};
	rootObject = A6B4C0931C4E828200212B51 /* Project object */;
}
