// !$*UTF8*$!
{
	archiveVersion = 1;
	classes = {
	};
	objectVersion = 46;
	objects = {

/* Begin PBXBuildFile section */
		A65735081C6B685100A6FE3E /* CoreData.framework in Frameworks */ = {isa = PBXBuildFile; fileRef = A65735071C6B685100A6FE3E /* CoreData.framework */; };
		A657350B1C6B686800A6FE3E /* Model.xcdatamodeld in Sources */ = {isa = PBXBuildFile; fileRef = A65735091C6B686800A6FE3E /* Model.xcdatamodeld */; };
		A65735161C6B6AC100A6FE3E /* MyCoreDataComent+CoreDataProperties.m in Sources */ = {isa = PBXBuildFile; fileRef = A65735131C6B6AC100A6FE3E /* MyCoreDataComent+CoreDataProperties.m */; };
		A65735171C6B6AC100A6FE3E /* MyCoreDataComent.m in Sources */ = {isa = PBXBuildFile; fileRef = A65735151C6B6AC100A6FE3E /* MyCoreDataComent.m */; };
		A657351C1C6B6FA000A6FE3E /* CoreDataManager.m in Sources */ = {isa = PBXBuildFile; fileRef = A657351B1C6B6FA000A6FE3E /* CoreDataManager.m */; };
		A68049A21C67BF41005787DF /* main.m in Sources */ = {isa = PBXBuildFile; fileRef = A68049A11C67BF41005787DF /* main.m */; };
		A68049A51C67BF41005787DF /* AppDelegate.m in Sources */ = {isa = PBXBuildFile; fileRef = A68049A41C67BF41005787DF /* AppDelegate.m */; };
		A68049A81C67BF41005787DF /* ViewController.m in Sources */ = {isa = PBXBuildFile; fileRef = A68049A71C67BF41005787DF /* ViewController.m */; };
		A68049AB1C67BF41005787DF /* Main.storyboard in Resources */ = {isa = PBXBuildFile; fileRef = A68049A91C67BF41005787DF /* Main.storyboard */; };
		A68049AD1C67BF41005787DF /* Assets.xcassets in Resources */ = {isa = PBXBuildFile; fileRef = A68049AC1C67BF41005787DF /* Assets.xcassets */; };
		A68049B01C67BF41005787DF /* LaunchScreen.storyboard in Resources */ = {isa = PBXBuildFile; fileRef = A68049AE1C67BF41005787DF /* LaunchScreen.storyboard */; };
		A68049BB1C67BF41005787DF /* RestJsonComentsUITests.m in Sources */ = {isa = PBXBuildFile; fileRef = A68049BA1C67BF41005787DF /* RestJsonComentsUITests.m */; };
		A68049C71C67BFB7005787DF /* RestConectionSingleton.m in Sources */ = {isa = PBXBuildFile; fileRef = A68049C61C67BFB7005787DF /* RestConectionSingleton.m */; };
		A68049CA1C67C8D8005787DF /* MyComent.m in Sources */ = {isa = PBXBuildFile; fileRef = A68049C91C67C8D8005787DF /* MyComent.m */; };
		A68049CD1C67CF1C005787DF /* ComentListFaraFrcTableViewController.m in Sources */ = {isa = PBXBuildFile; fileRef = A68049CC1C67CF1C005787DF /* ComentListFaraFrcTableViewController.m */; };
/* End PBXBuildFile section */

/* Begin PBXContainerItemProxy section */
		A68049B71C67BF41005787DF /* PBXContainerItemProxy */ = {
			isa = PBXContainerItemProxy;
			containerPortal = A68049951C67BF41005787DF /* Project object */;
			proxyType = 1;
			remoteGlobalIDString = A680499C1C67BF41005787DF;
			remoteInfo = RestJsonComents;
		};
/* End PBXContainerItemProxy section */

/* Begin PBXFileReference section */
		A65735071C6B685100A6FE3E /* CoreData.framework */ = {isa = PBXFileReference; lastKnownFileType = wrapper.framework; name = CoreData.framework; path = System/Library/Frameworks/CoreData.framework; sourceTree = SDKROOT; };
		A657350A1C6B686800A6FE3E /* Model.xcdatamodel */ = {isa = PBXFileReference; lastKnownFileType = wrapper.xcdatamodel; path = Model.xcdatamodel; sourceTree = "<group>"; };
		A65735121C6B6AC100A6FE3E /* MyCoreDataComent+CoreDataProperties.h */ = {isa = PBXFileReference; fileEncoding = 4; lastKnownFileType = sourcecode.c.h; path = "MyCoreDataComent+CoreDataProperties.h"; sourceTree = "<group>"; };
		A65735131C6B6AC100A6FE3E /* MyCoreDataComent+CoreDataProperties.m */ = {isa = PBXFileReference; fileEncoding = 4; lastKnownFileType = sourcecode.c.objc; path = "MyCoreDataComent+CoreDataProperties.m"; sourceTree = "<group>"; };
		A65735141C6B6AC100A6FE3E /* MyCoreDataComent.h */ = {isa = PBXFileReference; fileEncoding = 4; lastKnownFileType = sourcecode.c.h; path = MyCoreDataComent.h; sourceTree = "<group>"; };
		A65735151C6B6AC100A6FE3E /* MyCoreDataComent.m */ = {isa = PBXFileReference; fileEncoding = 4; lastKnownFileType = sourcecode.c.objc; path = MyCoreDataComent.m; sourceTree = "<group>"; };
		A65735191C6B6F8900A6FE3E /* CoreDataObjectWriter.h */ = {isa = PBXFileReference; fileEncoding = 4; lastKnownFileType = sourcecode.c.h; path = CoreDataObjectWriter.h; sourceTree = "<group>"; };
		A657351A1C6B6F9700A6FE3E /* CoreDataManager.h */ = {isa = PBXFileReference; fileEncoding = 4; lastKnownFileType = sourcecode.c.h; path = CoreDataManager.h; sourceTree = "<group>"; };
		A657351B1C6B6FA000A6FE3E /* CoreDataManager.m */ = {isa = PBXFileReference; fileEncoding = 4; lastKnownFileType = sourcecode.c.objc; path = CoreDataManager.m; sourceTree = "<group>"; };
		A680499D1C67BF41005787DF /* RestJsonComents.app */ = {isa = PBXFileReference; explicitFileType = wrapper.application; includeInIndex = 0; path = RestJsonComents.app; sourceTree = BUILT_PRODUCTS_DIR; };
		A68049A11C67BF41005787DF /* main.m */ = {isa = PBXFileReference; lastKnownFileType = sourcecode.c.objc; path = main.m; sourceTree = "<group>"; };
		A68049A31C67BF41005787DF /* AppDelegate.h */ = {isa = PBXFileReference; lastKnownFileType = sourcecode.c.h; path = AppDelegate.h; sourceTree = "<group>"; };
		A68049A41C67BF41005787DF /* AppDelegate.m */ = {isa = PBXFileReference; lastKnownFileType = sourcecode.c.objc; path = AppDelegate.m; sourceTree = "<group>"; };
		A68049A61C67BF41005787DF /* ViewController.h */ = {isa = PBXFileReference; lastKnownFileType = sourcecode.c.h; path = ViewController.h; sourceTree = "<group>"; };
		A68049A71C67BF41005787DF /* ViewController.m */ = {isa = PBXFileReference; lastKnownFileType = sourcecode.c.objc; path = ViewController.m; sourceTree = "<group>"; };
		A68049AA1C67BF41005787DF /* Base */ = {isa = PBXFileReference; lastKnownFileType = file.storyboard; name = Base; path = Base.lproj/Main.storyboard; sourceTree = "<group>"; };
		A68049AC1C67BF41005787DF /* Assets.xcassets */ = {isa = PBXFileReference; lastKnownFileType = folder.assetcatalog; path = Assets.xcassets; sourceTree = "<group>"; };
		A68049AF1C67BF41005787DF /* Base */ = {isa = PBXFileReference; lastKnownFileType = file.storyboard; name = Base; path = Base.lproj/LaunchScreen.storyboard; sourceTree = "<group>"; };
		A68049B11C67BF41005787DF /* Info.plist */ = {isa = PBXFileReference; lastKnownFileType = text.plist.xml; path = Info.plist; sourceTree = "<group>"; };
		A68049B61C67BF41005787DF /* RestJsonComentsUITests.xctest */ = {isa = PBXFileReference; explicitFileType = wrapper.cfbundle; includeInIndex = 0; path = RestJsonComentsUITests.xctest; sourceTree = BUILT_PRODUCTS_DIR; };
		A68049BA1C67BF41005787DF /* RestJsonComentsUITests.m */ = {isa = PBXFileReference; lastKnownFileType = sourcecode.c.objc; path = RestJsonComentsUITests.m; sourceTree = "<group>"; };
		A68049BC1C67BF41005787DF /* Info.plist */ = {isa = PBXFileReference; lastKnownFileType = text.plist.xml; path = Info.plist; sourceTree = "<group>"; };
		A68049C51C67BFB7005787DF /* RestConectionSingleton.h */ = {isa = PBXFileReference; fileEncoding = 4; lastKnownFileType = sourcecode.c.h; path = RestConectionSingleton.h; sourceTree = "<group>"; };
		A68049C61C67BFB7005787DF /* RestConectionSingleton.m */ = {isa = PBXFileReference; fileEncoding = 4; lastKnownFileType = sourcecode.c.objc; path = RestConectionSingleton.m; sourceTree = "<group>"; };
		A68049C81C67C8D8005787DF /* MyComent.h */ = {isa = PBXFileReference; fileEncoding = 4; lastKnownFileType = sourcecode.c.h; path = MyComent.h; sourceTree = "<group>"; };
		A68049C91C67C8D8005787DF /* MyComent.m */ = {isa = PBXFileReference; fileEncoding = 4; lastKnownFileType = sourcecode.c.objc; path = MyComent.m; sourceTree = "<group>"; };
		A68049CB1C67CF1C005787DF /* ComentListFaraFrcTableViewController.h */ = {isa = PBXFileReference; fileEncoding = 4; lastKnownFileType = sourcecode.c.h; path = ComentListFaraFrcTableViewController.h; sourceTree = "<group>"; };
		A68049CC1C67CF1C005787DF /* ComentListFaraFrcTableViewController.m */ = {isa = PBXFileReference; fileEncoding = 4; lastKnownFileType = sourcecode.c.objc; path = ComentListFaraFrcTableViewController.m; sourceTree = "<group>"; };
/* End PBXFileReference section */

/* Begin PBXFrameworksBuildPhase section */
		A680499A1C67BF41005787DF /* Frameworks */ = {
			isa = PBXFrameworksBuildPhase;
			buildActionMask = 2147483647;
			files = (
				A65735081C6B685100A6FE3E /* CoreData.framework in Frameworks */,
			);
			runOnlyForDeploymentPostprocessing = 0;
		};
		A68049B31C67BF41005787DF /* Frameworks */ = {
			isa = PBXFrameworksBuildPhase;
			buildActionMask = 2147483647;
			files = (
			);
			runOnlyForDeploymentPostprocessing = 0;
		};
/* End PBXFrameworksBuildPhase section */

/* Begin PBXGroup section */
		A65735181C6B6EE800A6FE3E /* CoreData */ = {
			isa = PBXGroup;
			children = (
				A65735191C6B6F8900A6FE3E /* CoreDataObjectWriter.h */,
				A657351B1C6B6FA000A6FE3E /* CoreDataManager.m */,
				A657351A1C6B6F9700A6FE3E /* CoreDataManager.h */,
			);
			name = CoreData;
			sourceTree = "<group>";
		};
		A68049941C67BF41005787DF = {
			isa = PBXGroup;
			children = (
				A65735121C6B6AC100A6FE3E /* MyCoreDataComent+CoreDataProperties.h */,
				A65735131C6B6AC100A6FE3E /* MyCoreDataComent+CoreDataProperties.m */,
				A65735141C6B6AC100A6FE3E /* MyCoreDataComent.h */,
				A65735151C6B6AC100A6FE3E /* MyCoreDataComent.m */,
				A65735071C6B685100A6FE3E /* CoreData.framework */,
				A680499F1C67BF41005787DF /* RestJsonComents */,
				A68049B91C67BF41005787DF /* RestJsonComentsUITests */,
				A680499E1C67BF41005787DF /* Products */,
			);
			sourceTree = "<group>";
		};
		A680499E1C67BF41005787DF /* Products */ = {
			isa = PBXGroup;
			children = (
				A680499D1C67BF41005787DF /* RestJsonComents.app */,
				A68049B61C67BF41005787DF /* RestJsonComentsUITests.xctest */,
			);
			name = Products;
			sourceTree = "<group>";
		};
		A680499F1C67BF41005787DF /* RestJsonComents */ = {
			isa = PBXGroup;
			children = (
				A68049A31C67BF41005787DF /* AppDelegate.h */,
				A68049A41C67BF41005787DF /* AppDelegate.m */,
				A68049A61C67BF41005787DF /* ViewController.h */,
				A68049A71C67BF41005787DF /* ViewController.m */,
				A65735091C6B686800A6FE3E /* Model.xcdatamodeld */,
				A68049CB1C67CF1C005787DF /* ComentListFaraFrcTableViewController.h */,
				A68049CC1C67CF1C005787DF /* ComentListFaraFrcTableViewController.m */,
				A68049C81C67C8D8005787DF /* MyComent.h */,
				A68049C91C67C8D8005787DF /* MyComent.m */,
				A68049C51C67BFB7005787DF /* RestConectionSingleton.h */,
				A68049C61C67BFB7005787DF /* RestConectionSingleton.m */,
				A68049A91C67BF41005787DF /* Main.storyboard */,
				A68049AC1C67BF41005787DF /* Assets.xcassets */,
				A65735181C6B6EE800A6FE3E /* CoreData */,
				A68049AE1C67BF41005787DF /* LaunchScreen.storyboard */,
				A68049B11C67BF41005787DF /* Info.plist */,
				A68049A01C67BF41005787DF /* Supporting Files */,
			);
			path = RestJsonComents;
			sourceTree = "<group>";
		};
		A68049A01C67BF41005787DF /* Supporting Files */ = {
			isa = PBXGroup;
			children = (
				A68049A11C67BF41005787DF /* main.m */,
			);
			name = "Supporting Files";
			sourceTree = "<group>";
		};
		A68049B91C67BF41005787DF /* RestJsonComentsUITests */ = {
			isa = PBXGroup;
			children = (
				A68049BA1C67BF41005787DF /* RestJsonComentsUITests.m */,
				A68049BC1C67BF41005787DF /* Info.plist */,
			);
			path = RestJsonComentsUITests;
			sourceTree = "<group>";
		};
/* End PBXGroup section */

/* Begin PBXNativeTarget section */
		A680499C1C67BF41005787DF /* RestJsonComents */ = {
			isa = PBXNativeTarget;
			buildConfigurationList = A68049BF1C67BF41005787DF /* Build configuration list for PBXNativeTarget "RestJsonComents" */;
			buildPhases = (
				A68049991C67BF41005787DF /* Sources */,
				A680499A1C67BF41005787DF /* Frameworks */,
				A680499B1C67BF41005787DF /* Resources */,
			);
			buildRules = (
			);
			dependencies = (
			);
			name = RestJsonComents;
			productName = RestJsonComents;
			productReference = A680499D1C67BF41005787DF /* RestJsonComents.app */;
			productType = "com.apple.product-type.application";
		};
		A68049B51C67BF41005787DF /* RestJsonComentsUITests */ = {
			isa = PBXNativeTarget;
			buildConfigurationList = A68049C21C67BF41005787DF /* Build configuration list for PBXNativeTarget "RestJsonComentsUITests" */;
			buildPhases = (
				A68049B21C67BF41005787DF /* Sources */,
				A68049B31C67BF41005787DF /* Frameworks */,
				A68049B41C67BF41005787DF /* Resources */,
			);
			buildRules = (
			);
			dependencies = (
				A68049B81C67BF41005787DF /* PBXTargetDependency */,
			);
			name = RestJsonComentsUITests;
			productName = RestJsonComentsUITests;
			productReference = A68049B61C67BF41005787DF /* RestJsonComentsUITests.xctest */;
			productType = "com.apple.product-type.bundle.ui-testing";
		};
/* End PBXNativeTarget section */

/* Begin PBXProject section */
		A68049951C67BF41005787DF /* Project object */ = {
			isa = PBXProject;
			attributes = {
				LastUpgradeCheck = 0720;
				ORGANIZATIONNAME = Horatiu;
				TargetAttributes = {
					A680499C1C67BF41005787DF = {
						CreatedOnToolsVersion = 7.2;
					};
					A68049B51C67BF41005787DF = {
						CreatedOnToolsVersion = 7.2;
						TestTargetID = A680499C1C67BF41005787DF;
					};
				};
			};
			buildConfigurationList = A68049981C67BF41005787DF /* Build configuration list for PBXProject "RestJsonComents" */;
			compatibilityVersion = "Xcode 3.2";
			developmentRegion = English;
			hasScannedForEncodings = 0;
			knownRegions = (
				en,
				Base,
			);
			mainGroup = A68049941C67BF41005787DF;
			productRefGroup = A680499E1C67BF41005787DF /* Products */;
			projectDirPath = "";
			projectRoot = "";
			targets = (
				A680499C1C67BF41005787DF /* RestJsonComents */,
				A68049B51C67BF41005787DF /* RestJsonComentsUITests */,
			);
		};
/* End PBXProject section */

/* Begin PBXResourcesBuildPhase section */
		A680499B1C67BF41005787DF /* Resources */ = {
			isa = PBXResourcesBuildPhase;
			buildActionMask = 2147483647;
			files = (
				A68049B01C67BF41005787DF /* LaunchScreen.storyboard in Resources */,
				A68049AD1C67BF41005787DF /* Assets.xcassets in Resources */,
				A68049AB1C67BF41005787DF /* Main.storyboard in Resources */,
			);
			runOnlyForDeploymentPostprocessing = 0;
		};
		A68049B41C67BF41005787DF /* Resources */ = {
			isa = PBXResourcesBuildPhase;
			buildActionMask = 2147483647;
			files = (
			);
			runOnlyForDeploymentPostprocessing = 0;
		};
/* End PBXResourcesBuildPhase section */

/* Begin PBXSourcesBuildPhase section */
		A68049991C67BF41005787DF /* Sources */ = {
			isa = PBXSourcesBuildPhase;
			buildActionMask = 2147483647;
			files = (
				A68049A81C67BF41005787DF /* ViewController.m in Sources */,
				A68049CD1C67CF1C005787DF /* ComentListFaraFrcTableViewController.m in Sources */,
				A657351C1C6B6FA000A6FE3E /* CoreDataManager.m in Sources */,
				A65735161C6B6AC100A6FE3E /* MyCoreDataComent+CoreDataProperties.m in Sources */,
				A65735171C6B6AC100A6FE3E /* MyCoreDataComent.m in Sources */,
				A68049A51C67BF41005787DF /* AppDelegate.m in Sources */,
				A657350B1C6B686800A6FE3E /* Model.xcdatamodeld in Sources */,
				A68049C71C67BFB7005787DF /* RestConectionSingleton.m in Sources */,
				A68049A21C67BF41005787DF /* main.m in Sources */,
				A68049CA1C67C8D8005787DF /* MyComent.m in Sources */,
			);
			runOnlyForDeploymentPostprocessing = 0;
		};
		A68049B21C67BF41005787DF /* Sources */ = {
			isa = PBXSourcesBuildPhase;
			buildActionMask = 2147483647;
			files = (
				A68049BB1C67BF41005787DF /* RestJsonComentsUITests.m in Sources */,
			);
			runOnlyForDeploymentPostprocessing = 0;
		};
/* End PBXSourcesBuildPhase section */

/* Begin PBXTargetDependency section */
		A68049B81C67BF41005787DF /* PBXTargetDependency */ = {
			isa = PBXTargetDependency;
			target = A680499C1C67BF41005787DF /* RestJsonComents */;
			targetProxy = A68049B71C67BF41005787DF /* PBXContainerItemProxy */;
		};
/* End PBXTargetDependency section */

/* Begin PBXVariantGroup section */
		A68049A91C67BF41005787DF /* Main.storyboard */ = {
			isa = PBXVariantGroup;
			children = (
				A68049AA1C67BF41005787DF /* Base */,
			);
			name = Main.storyboard;
			sourceTree = "<group>";
		};
		A68049AE1C67BF41005787DF /* LaunchScreen.storyboard */ = {
			isa = PBXVariantGroup;
			children = (
				A68049AF1C67BF41005787DF /* Base */,
			);
			name = LaunchScreen.storyboard;
			sourceTree = "<group>";
		};
/* End PBXVariantGroup section */

/* Begin XCBuildConfiguration section */
		A68049BD1C67BF41005787DF /* Debug */ = {
			isa = XCBuildConfiguration;
			buildSettings = {
				ALWAYS_SEARCH_USER_PATHS = NO;
				CLANG_CXX_LANGUAGE_STANDARD = "gnu++0x";
				CLANG_CXX_LIBRARY = "libc++";
				CLANG_ENABLE_MODULES = YES;
				CLANG_ENABLE_OBJC_ARC = YES;
				CLANG_WARN_BOOL_CONVERSION = YES;
				CLANG_WARN_CONSTANT_CONVERSION = YES;
				CLANG_WARN_DIRECT_OBJC_ISA_USAGE = YES_ERROR;
				CLANG_WARN_EMPTY_BODY = YES;
				CLANG_WARN_ENUM_CONVERSION = YES;
				CLANG_WARN_INT_CONVERSION = YES;
				CLANG_WARN_OBJC_ROOT_CLASS = YES_ERROR;
				CLANG_WARN_UNREACHABLE_CODE = YES;
				CLANG_WARN__DUPLICATE_METHOD_MATCH = YES;
				"CODE_SIGN_IDENTITY[sdk=iphoneos*]" = "iPhone Developer";
				COPY_PHASE_STRIP = NO;
				DEBUG_INFORMATION_FORMAT = dwarf;
				ENABLE_STRICT_OBJC_MSGSEND = YES;
				ENABLE_TESTABILITY = YES;
				GCC_C_LANGUAGE_STANDARD = gnu99;
				GCC_DYNAMIC_NO_PIC = NO;
				GCC_NO_COMMON_BLOCKS = YES;
				GCC_OPTIMIZATION_LEVEL = 0;
				GCC_PREPROCESSOR_DEFINITIONS = (
					"DEBUG=1",
					"$(inherited)",
				);
				GCC_WARN_64_TO_32_BIT_CONVERSION = YES;
				GCC_WARN_ABOUT_RETURN_TYPE = YES_ERROR;
				GCC_WARN_UNDECLARED_SELECTOR = YES;
				GCC_WARN_UNINITIALIZED_AUTOS = YES_AGGRESSIVE;
				GCC_WARN_UNUSED_FUNCTION = YES;
				GCC_WARN_UNUSED_VARIABLE = YES;
				IPHONEOS_DEPLOYMENT_TARGET = 9.2;
				MTL_ENABLE_DEBUG_INFO = YES;
				ONLY_ACTIVE_ARCH = YES;
				SDKROOT = iphoneos;
				TARGETED_DEVICE_FAMILY = "1,2";
			};
			name = Debug;
		};
		A68049BE1C67BF41005787DF /* Release */ = {
			isa = XCBuildConfiguration;
			buildSettings = {
				ALWAYS_SEARCH_USER_PATHS = NO;
				CLANG_CXX_LANGUAGE_STANDARD = "gnu++0x";
				CLANG_CXX_LIBRARY = "libc++";
				CLANG_ENABLE_MODULES = YES;
				CLANG_ENABLE_OBJC_ARC = YES;
				CLANG_WARN_BOOL_CONVERSION = YES;
				CLANG_WARN_CONSTANT_CONVERSION = YES;
				CLANG_WARN_DIRECT_OBJC_ISA_USAGE = YES_ERROR;
				CLANG_WARN_EMPTY_BODY = YES;
				CLANG_WARN_ENUM_CONVERSION = YES;
				CLANG_WARN_INT_CONVERSION = YES;
				CLANG_WARN_OBJC_ROOT_CLASS = YES_ERROR;
				CLANG_WARN_UNREACHABLE_CODE = YES;
				CLANG_WARN__DUPLICATE_METHOD_MATCH = YES;
				"CODE_SIGN_IDENTITY[sdk=iphoneos*]" = "iPhone Developer";
				COPY_PHASE_STRIP = NO;
				DEBUG_INFORMATION_FORMAT = "dwarf-with-dsym";
				ENABLE_NS_ASSERTIONS = NO;
				ENABLE_STRICT_OBJC_MSGSEND = YES;
				GCC_C_LANGUAGE_STANDARD = gnu99;
				GCC_NO_COMMON_BLOCKS = YES;
				GCC_WARN_64_TO_32_BIT_CONVERSION = YES;
				GCC_WARN_ABOUT_RETURN_TYPE = YES_ERROR;
				GCC_WARN_UNDECLARED_SELECTOR = YES;
				GCC_WARN_UNINITIALIZED_AUTOS = YES_AGGRESSIVE;
				GCC_WARN_UNUSED_FUNCTION = YES;
				GCC_WARN_UNUSED_VARIABLE = YES;
				IPHONEOS_DEPLOYMENT_TARGET = 9.2;
				MTL_ENABLE_DEBUG_INFO = NO;
				SDKROOT = iphoneos;
				TARGETED_DEVICE_FAMILY = "1,2";
				VALIDATE_PRODUCT = YES;
			};
			name = Release;
		};
		A68049C01C67BF41005787DF /* Debug */ = {
			isa = XCBuildConfiguration;
			buildSettings = {
				ASSETCATALOG_COMPILER_APPICON_NAME = AppIcon;
				INFOPLIST_FILE = RestJsonComents/Info.plist;
				LD_RUNPATH_SEARCH_PATHS = "$(inherited) @executable_path/Frameworks";
				PRODUCT_BUNDLE_IDENTIFIER = com.patras.RestJsonComents;
				PRODUCT_NAME = "$(TARGET_NAME)";
			};
			name = Debug;
		};
		A68049C11C67BF41005787DF /* Release */ = {
			isa = XCBuildConfiguration;
			buildSettings = {
				ASSETCATALOG_COMPILER_APPICON_NAME = AppIcon;
				INFOPLIST_FILE = RestJsonComents/Info.plist;
				LD_RUNPATH_SEARCH_PATHS = "$(inherited) @executable_path/Frameworks";
				PRODUCT_BUNDLE_IDENTIFIER = com.patras.RestJsonComents;
				PRODUCT_NAME = "$(TARGET_NAME)";
			};
			name = Release;
		};
		A68049C31C67BF41005787DF /* Debug */ = {
			isa = XCBuildConfiguration;
			buildSettings = {
				INFOPLIST_FILE = RestJsonComentsUITests/Info.plist;
				LD_RUNPATH_SEARCH_PATHS = "$(inherited) @executable_path/Frameworks @loader_path/Frameworks";
				PRODUCT_BUNDLE_IDENTIFIER = com.patras.RestJsonComentsUITests;
				PRODUCT_NAME = "$(TARGET_NAME)";
				TEST_TARGET_NAME = RestJsonComents;
				USES_XCTRUNNER = YES;
			};
			name = Debug;
		};
		A68049C41C67BF41005787DF /* Release */ = {
			isa = XCBuildConfiguration;
			buildSettings = {
				INFOPLIST_FILE = RestJsonComentsUITests/Info.plist;
				LD_RUNPATH_SEARCH_PATHS = "$(inherited) @executable_path/Frameworks @loader_path/Frameworks";
				PRODUCT_BUNDLE_IDENTIFIER = com.patras.RestJsonComentsUITests;
				PRODUCT_NAME = "$(TARGET_NAME)";
				TEST_TARGET_NAME = RestJsonComents;
				USES_XCTRUNNER = YES;
			};
			name = Release;
		};
/* End XCBuildConfiguration section */

/* Begin XCConfigurationList section */
		A68049981C67BF41005787DF /* Build configuration list for PBXProject "RestJsonComents" */ = {
			isa = XCConfigurationList;
			buildConfigurations = (
				A68049BD1C67BF41005787DF /* Debug */,
				A68049BE1C67BF41005787DF /* Release */,
			);
			defaultConfigurationIsVisible = 0;
			defaultConfigurationName = Release;
		};
		A68049BF1C67BF41005787DF /* Build configuration list for PBXNativeTarget "RestJsonComents" */ = {
			isa = XCConfigurationList;
			buildConfigurations = (
				A68049C01C67BF41005787DF /* Debug */,
				A68049C11C67BF41005787DF /* Release */,
			);
			defaultConfigurationIsVisible = 0;
			defaultConfigurationName = Release;
		};
		A68049C21C67BF41005787DF /* Build configuration list for PBXNativeTarget "RestJsonComentsUITests" */ = {
			isa = XCConfigurationList;
			buildConfigurations = (
				A68049C31C67BF41005787DF /* Debug */,
				A68049C41C67BF41005787DF /* Release */,
			);
			defaultConfigurationIsVisible = 0;
			defaultConfigurationName = Release;
		};
/* End XCConfigurationList section */

/* Begin XCVersionGroup section */
		A65735091C6B686800A6FE3E /* Model.xcdatamodeld */ = {
			isa = XCVersionGroup;
			children = (
				A657350A1C6B686800A6FE3E /* Model.xcdatamodel */,
			);
			currentVersion = A657350A1C6B686800A6FE3E /* Model.xcdatamodel */;
			path = Model.xcdatamodeld;
			sourceTree = "<group>";
			versionGroupType = wrapper.xcdatamodel;
		};
/* End XCVersionGroup section */
	};
	rootObject = A68049951C67BF41005787DF /* Project object */;
}
