// !$*UTF8*$!
{
	archiveVersion = 1;
	classes = {
	};
	objectVersion = 46;
	objects = {

/* Begin PBXBuildFile section */
		A656B5C51C74A71E00FD1212 /* PhotoViewController.m in Sources */ = {isa = PBXBuildFile; fileRef = A656B5C41C74A71E00FD1212 /* PhotoViewController.m */; };
		A656B5C71C74E76D00FD1212 /* Main.storyboard in Resources */ = {isa = PBXBuildFile; fileRef = A656B5C61C74E76D00FD1212 /* Main.storyboard */; };
		A65734F51C69360A00A6FE3E /* FlickerPhotoCoreData+CoreDataProperties.m in Sources */ = {isa = PBXBuildFile; fileRef = A65734F21C69360A00A6FE3E /* FlickerPhotoCoreData+CoreDataProperties.m */; };
		A65734F61C69360A00A6FE3E /* FlickerPhotoCoreData.m in Sources */ = {isa = PBXBuildFile; fileRef = A65734F41C69360A00A6FE3E /* FlickerPhotoCoreData.m */; };
		A65734FD1C6B443100A6FE3E /* MyFlickerTableViewCell.m in Sources */ = {isa = PBXBuildFile; fileRef = A65734FB1C6B443100A6FE3E /* MyFlickerTableViewCell.m */; };
		A65734FE1C6B443100A6FE3E /* MyFlickerTableViewCell.xib in Resources */ = {isa = PBXBuildFile; fileRef = A65734FC1C6B443100A6FE3E /* MyFlickerTableViewCell.xib */; };
		A65735011C6B457800A6FE3E /* RecentPhotosTableViewController.m in Sources */ = {isa = PBXBuildFile; fileRef = A65735001C6B457800A6FE3E /* RecentPhotosTableViewController.m */; };
		A65C91C01C77AEAC005788BF /* TextAutoLayoutView.xib in Resources */ = {isa = PBXBuildFile; fileRef = A65C91BF1C77AEAC005788BF /* TextAutoLayoutView.xib */; };
		A65C91C41C77B57E005788BF /* landscape-mountains-nature-clouds.jpg in Resources */ = {isa = PBXBuildFile; fileRef = A65C91C21C77B57E005788BF /* landscape-mountains-nature-clouds.jpg */; };
		A65C91C51C77B57E005788BF /* pexels-photo-small.jpeg in Resources */ = {isa = PBXBuildFile; fileRef = A65C91C31C77B57E005788BF /* pexels-photo-small.jpeg */; };
		A65C91C81C78ACD6005788BF /* ServiceCallManager.m in Sources */ = {isa = PBXBuildFile; fileRef = A65C91C71C78ACD6005788BF /* ServiceCallManager.m */; };
		A65C91CA1C78BD94005788BF /* TestAutoLayout2.xib in Resources */ = {isa = PBXBuildFile; fileRef = A65C91C91C78BD94005788BF /* TestAutoLayout2.xib */; };
		A65C91CE1C78BE22005788BF /* AutoLayoutScrollViewController.m in Sources */ = {isa = PBXBuildFile; fileRef = A65C91CC1C78BE22005788BF /* AutoLayoutScrollViewController.m */; };
		A65C91CF1C78BE22005788BF /* AutoLayoutScrollViewController.xib in Resources */ = {isa = PBXBuildFile; fileRef = A65C91CD1C78BE22005788BF /* AutoLayoutScrollViewController.xib */; };
		A67C44A21C6895C200F5FC86 /* main.m in Sources */ = {isa = PBXBuildFile; fileRef = A67C44A11C6895C200F5FC86 /* main.m */; };
		A67C44A51C6895C200F5FC86 /* AppDelegate.m in Sources */ = {isa = PBXBuildFile; fileRef = A67C44A41C6895C200F5FC86 /* AppDelegate.m */; };
		A67C44A81C6895C200F5FC86 /* ViewController.m in Sources */ = {isa = PBXBuildFile; fileRef = A67C44A71C6895C200F5FC86 /* ViewController.m */; };
		A67C44AD1C6895C200F5FC86 /* Assets.xcassets in Resources */ = {isa = PBXBuildFile; fileRef = A67C44AC1C6895C200F5FC86 /* Assets.xcassets */; };
		A67C44B01C6895C200F5FC86 /* LaunchScreen.storyboard in Resources */ = {isa = PBXBuildFile; fileRef = A67C44AE1C6895C200F5FC86 /* LaunchScreen.storyboard */; };
		A67C44BB1C6895C200F5FC86 /* PhotosFromFlickerUITests.m in Sources */ = {isa = PBXBuildFile; fileRef = A67C44BA1C6895C200F5FC86 /* PhotosFromFlickerUITests.m */; };
		A67C44C71C6896E700F5FC86 /* MyFlickerPhoto.m in Sources */ = {isa = PBXBuildFile; fileRef = A67C44C61C6896E700F5FC86 /* MyFlickerPhoto.m */; };
		A67C44CA1C68A50600F5FC86 /* ItemsTableViewController.m in Sources */ = {isa = PBXBuildFile; fileRef = A67C44C91C68A50600F5FC86 /* ItemsTableViewController.m */; };
		A67C44D51C6932F300F5FC86 /* CoreDataManager.m in Sources */ = {isa = PBXBuildFile; fileRef = A67C44D41C6932F300F5FC86 /* CoreDataManager.m */; };
		A67C44D71C69337600F5FC86 /* CoreData.framework in Frameworks */ = {isa = PBXBuildFile; fileRef = A67C44D61C69337600F5FC86 /* CoreData.framework */; };
		A67C44DA1C6933EA00F5FC86 /* ModelulDeCoreData.xcdatamodeld in Sources */ = {isa = PBXBuildFile; fileRef = A67C44D81C6933EA00F5FC86 /* ModelulDeCoreData.xcdatamodeld */; };
/* End PBXBuildFile section */

/* Begin PBXContainerItemProxy section */
		A67C44B71C6895C200F5FC86 /* PBXContainerItemProxy */ = {
			isa = PBXContainerItemProxy;
			containerPortal = A67C44951C6895C200F5FC86 /* Project object */;
			proxyType = 1;
			remoteGlobalIDString = A67C449C1C6895C200F5FC86;
			remoteInfo = PhotosFromFlicker;
		};
/* End PBXContainerItemProxy section */

/* Begin PBXFileReference section */
		A656B5C31C74A71E00FD1212 /* PhotoViewController.h */ = {isa = PBXFileReference; fileEncoding = 4; lastKnownFileType = sourcecode.c.h; path = PhotoViewController.h; sourceTree = "<group>"; };
		A656B5C41C74A71E00FD1212 /* PhotoViewController.m */ = {isa = PBXFileReference; fileEncoding = 4; lastKnownFileType = sourcecode.c.objc; path = PhotoViewController.m; sourceTree = "<group>"; };
		A656B5C61C74E76D00FD1212 /* Main.storyboard */ = {isa = PBXFileReference; fileEncoding = 4; lastKnownFileType = file.storyboard; path = Main.storyboard; sourceTree = "<group>"; };
		A65734F11C69360A00A6FE3E /* FlickerPhotoCoreData+CoreDataProperties.h */ = {isa = PBXFileReference; fileEncoding = 4; lastKnownFileType = sourcecode.c.h; path = "FlickerPhotoCoreData+CoreDataProperties.h"; sourceTree = "<group>"; };
		A65734F21C69360A00A6FE3E /* FlickerPhotoCoreData+CoreDataProperties.m */ = {isa = PBXFileReference; fileEncoding = 4; lastKnownFileType = sourcecode.c.objc; path = "FlickerPhotoCoreData+CoreDataProperties.m"; sourceTree = "<group>"; };
		A65734F31C69360A00A6FE3E /* FlickerPhotoCoreData.h */ = {isa = PBXFileReference; fileEncoding = 4; lastKnownFileType = sourcecode.c.h; path = FlickerPhotoCoreData.h; sourceTree = "<group>"; };
		A65734F41C69360A00A6FE3E /* FlickerPhotoCoreData.m */ = {isa = PBXFileReference; fileEncoding = 4; lastKnownFileType = sourcecode.c.objc; path = FlickerPhotoCoreData.m; sourceTree = "<group>"; };
		A65734F91C69365F00A6FE3E /* CoreDataObjectWriter.h */ = {isa = PBXFileReference; lastKnownFileType = sourcecode.c.h; path = CoreDataObjectWriter.h; sourceTree = "<group>"; };
		A65734FA1C6B443100A6FE3E /* MyFlickerTableViewCell.h */ = {isa = PBXFileReference; fileEncoding = 4; lastKnownFileType = sourcecode.c.h; path = MyFlickerTableViewCell.h; sourceTree = "<group>"; };
		A65734FB1C6B443100A6FE3E /* MyFlickerTableViewCell.m */ = {isa = PBXFileReference; fileEncoding = 4; lastKnownFileType = sourcecode.c.objc; path = MyFlickerTableViewCell.m; sourceTree = "<group>"; };
		A65734FC1C6B443100A6FE3E /* MyFlickerTableViewCell.xib */ = {isa = PBXFileReference; fileEncoding = 4; lastKnownFileType = file.xib; path = MyFlickerTableViewCell.xib; sourceTree = "<group>"; };
		A65734FF1C6B457800A6FE3E /* RecentPhotosTableViewController.h */ = {isa = PBXFileReference; fileEncoding = 4; lastKnownFileType = sourcecode.c.h; path = RecentPhotosTableViewController.h; sourceTree = "<group>"; };
		A65735001C6B457800A6FE3E /* RecentPhotosTableViewController.m */ = {isa = PBXFileReference; fileEncoding = 4; lastKnownFileType = sourcecode.c.objc; path = RecentPhotosTableViewController.m; sourceTree = "<group>"; };
		A65C91BF1C77AEAC005788BF /* TextAutoLayoutView.xib */ = {isa = PBXFileReference; fileEncoding = 4; lastKnownFileType = file.xib; path = TextAutoLayoutView.xib; sourceTree = "<group>"; };
		A65C91C21C77B57E005788BF /* landscape-mountains-nature-clouds.jpg */ = {isa = PBXFileReference; lastKnownFileType = image.jpeg; path = "landscape-mountains-nature-clouds.jpg"; sourceTree = "<group>"; };
		A65C91C31C77B57E005788BF /* pexels-photo-small.jpeg */ = {isa = PBXFileReference; lastKnownFileType = image.jpeg; path = "pexels-photo-small.jpeg"; sourceTree = "<group>"; };
		A65C91C61C78ACD6005788BF /* ServiceCallManager.h */ = {isa = PBXFileReference; fileEncoding = 4; lastKnownFileType = sourcecode.c.h; path = ServiceCallManager.h; sourceTree = "<group>"; };
		A65C91C71C78ACD6005788BF /* ServiceCallManager.m */ = {isa = PBXFileReference; fileEncoding = 4; lastKnownFileType = sourcecode.c.objc; path = ServiceCallManager.m; sourceTree = "<group>"; };
		A65C91C91C78BD94005788BF /* TestAutoLayout2.xib */ = {isa = PBXFileReference; fileEncoding = 4; lastKnownFileType = file.xib; path = TestAutoLayout2.xib; sourceTree = "<group>"; };
		A65C91CB1C78BE22005788BF /* AutoLayoutScrollViewController.h */ = {isa = PBXFileReference; fileEncoding = 4; lastKnownFileType = sourcecode.c.h; path = AutoLayoutScrollViewController.h; sourceTree = "<group>"; };
		A65C91CC1C78BE22005788BF /* AutoLayoutScrollViewController.m */ = {isa = PBXFileReference; fileEncoding = 4; lastKnownFileType = sourcecode.c.objc; path = AutoLayoutScrollViewController.m; sourceTree = "<group>"; };
		A65C91CD1C78BE22005788BF /* AutoLayoutScrollViewController.xib */ = {isa = PBXFileReference; fileEncoding = 4; lastKnownFileType = file.xib; path = AutoLayoutScrollViewController.xib; sourceTree = "<group>"; };
		A67C449D1C6895C200F5FC86 /* PhotosFromFlicker.app */ = {isa = PBXFileReference; explicitFileType = wrapper.application; includeInIndex = 0; path = PhotosFromFlicker.app; sourceTree = BUILT_PRODUCTS_DIR; };
		A67C44A11C6895C200F5FC86 /* main.m */ = {isa = PBXFileReference; lastKnownFileType = sourcecode.c.objc; path = main.m; sourceTree = "<group>"; };
		A67C44A31C6895C200F5FC86 /* AppDelegate.h */ = {isa = PBXFileReference; lastKnownFileType = sourcecode.c.h; path = AppDelegate.h; sourceTree = "<group>"; };
		A67C44A41C6895C200F5FC86 /* AppDelegate.m */ = {isa = PBXFileReference; lastKnownFileType = sourcecode.c.objc; path = AppDelegate.m; sourceTree = "<group>"; };
		A67C44A61C6895C200F5FC86 /* ViewController.h */ = {isa = PBXFileReference; lastKnownFileType = sourcecode.c.h; path = ViewController.h; sourceTree = "<group>"; };
		A67C44A71C6895C200F5FC86 /* ViewController.m */ = {isa = PBXFileReference; lastKnownFileType = sourcecode.c.objc; path = ViewController.m; sourceTree = "<group>"; };
		A67C44AC1C6895C200F5FC86 /* Assets.xcassets */ = {isa = PBXFileReference; lastKnownFileType = folder.assetcatalog; path = Assets.xcassets; sourceTree = "<group>"; };
		A67C44AF1C6895C200F5FC86 /* Base */ = {isa = PBXFileReference; lastKnownFileType = file.storyboard; name = Base; path = Base.lproj/LaunchScreen.storyboard; sourceTree = "<group>"; };
		A67C44B11C6895C200F5FC86 /* Info.plist */ = {isa = PBXFileReference; lastKnownFileType = text.plist.xml; path = Info.plist; sourceTree = "<group>"; };
		A67C44B61C6895C200F5FC86 /* PhotosFromFlickerUITests.xctest */ = {isa = PBXFileReference; explicitFileType = wrapper.cfbundle; includeInIndex = 0; path = PhotosFromFlickerUITests.xctest; sourceTree = BUILT_PRODUCTS_DIR; };
		A67C44BA1C6895C200F5FC86 /* PhotosFromFlickerUITests.m */ = {isa = PBXFileReference; lastKnownFileType = sourcecode.c.objc; path = PhotosFromFlickerUITests.m; sourceTree = "<group>"; };
		A67C44BC1C6895C200F5FC86 /* Info.plist */ = {isa = PBXFileReference; lastKnownFileType = text.plist.xml; path = Info.plist; sourceTree = "<group>"; };
		A67C44C51C6896E700F5FC86 /* MyFlickerPhoto.h */ = {isa = PBXFileReference; fileEncoding = 4; lastKnownFileType = sourcecode.c.h; path = MyFlickerPhoto.h; sourceTree = "<group>"; };
		A67C44C61C6896E700F5FC86 /* MyFlickerPhoto.m */ = {isa = PBXFileReference; fileEncoding = 4; lastKnownFileType = sourcecode.c.objc; path = MyFlickerPhoto.m; sourceTree = "<group>"; };
		A67C44C81C68A50600F5FC86 /* ItemsTableViewController.h */ = {isa = PBXFileReference; fileEncoding = 4; lastKnownFileType = sourcecode.c.h; path = ItemsTableViewController.h; sourceTree = "<group>"; };
		A67C44C91C68A50600F5FC86 /* ItemsTableViewController.m */ = {isa = PBXFileReference; fileEncoding = 4; lastKnownFileType = sourcecode.c.objc; path = ItemsTableViewController.m; sourceTree = "<group>"; };
		A67C44D31C6932F300F5FC86 /* CoreDataManager.h */ = {isa = PBXFileReference; fileEncoding = 4; lastKnownFileType = sourcecode.c.h; path = CoreDataManager.h; sourceTree = "<group>"; };
		A67C44D41C6932F300F5FC86 /* CoreDataManager.m */ = {isa = PBXFileReference; fileEncoding = 4; lastKnownFileType = sourcecode.c.objc; path = CoreDataManager.m; sourceTree = "<group>"; };
		A67C44D61C69337600F5FC86 /* CoreData.framework */ = {isa = PBXFileReference; lastKnownFileType = wrapper.framework; name = CoreData.framework; path = System/Library/Frameworks/CoreData.framework; sourceTree = SDKROOT; };
		A67C44D91C6933EA00F5FC86 /* ModelulDeCoreData.xcdatamodel */ = {isa = PBXFileReference; lastKnownFileType = wrapper.xcdatamodel; path = ModelulDeCoreData.xcdatamodel; sourceTree = "<group>"; };
/* End PBXFileReference section */

/* Begin PBXFrameworksBuildPhase section */
		A67C449A1C6895C200F5FC86 /* Frameworks */ = {
			isa = PBXFrameworksBuildPhase;
			buildActionMask = 2147483647;
			files = (
				A67C44D71C69337600F5FC86 /* CoreData.framework in Frameworks */,
			);
			runOnlyForDeploymentPostprocessing = 0;
		};
		A67C44B31C6895C200F5FC86 /* Frameworks */ = {
			isa = PBXFrameworksBuildPhase;
			buildActionMask = 2147483647;
			files = (
			);
			runOnlyForDeploymentPostprocessing = 0;
		};
/* End PBXFrameworksBuildPhase section */

/* Begin PBXGroup section */
		A65734F81C69364A00A6FE3E /* core data */ = {
			isa = PBXGroup;
			children = (
				A65734F91C69365F00A6FE3E /* CoreDataObjectWriter.h */,
				A67C44D31C6932F300F5FC86 /* CoreDataManager.h */,
				A67C44D41C6932F300F5FC86 /* CoreDataManager.m */,
			);
			name = "core data";
			sourceTree = "<group>";
		};
		A65C91C11C77B57E005788BF /* poze */ = {
			isa = PBXGroup;
			children = (
				A65C91C21C77B57E005788BF /* landscape-mountains-nature-clouds.jpg */,
				A65C91C31C77B57E005788BF /* pexels-photo-small.jpeg */,
			);
			path = poze;
			sourceTree = "<group>";
		};
		A67C44941C6895C200F5FC86 = {
			isa = PBXGroup;
			children = (
				A65734F11C69360A00A6FE3E /* FlickerPhotoCoreData+CoreDataProperties.h */,
				A65734F21C69360A00A6FE3E /* FlickerPhotoCoreData+CoreDataProperties.m */,
				A65734F31C69360A00A6FE3E /* FlickerPhotoCoreData.h */,
				A65734F41C69360A00A6FE3E /* FlickerPhotoCoreData.m */,
				A67C44D81C6933EA00F5FC86 /* ModelulDeCoreData.xcdatamodeld */,
				A67C44D61C69337600F5FC86 /* CoreData.framework */,
				A67C449F1C6895C200F5FC86 /* PhotosFromFlicker */,
				A67C44B91C6895C200F5FC86 /* PhotosFromFlickerUITests */,
				A67C449E1C6895C200F5FC86 /* Products */,
			);
			sourceTree = "<group>";
		};
		A67C449E1C6895C200F5FC86 /* Products */ = {
			isa = PBXGroup;
			children = (
				A67C449D1C6895C200F5FC86 /* PhotosFromFlicker.app */,
				A67C44B61C6895C200F5FC86 /* PhotosFromFlickerUITests.xctest */,
			);
			name = Products;
			sourceTree = "<group>";
		};
		A67C449F1C6895C200F5FC86 /* PhotosFromFlicker */ = {
			isa = PBXGroup;
			children = (
				A67C44A31C6895C200F5FC86 /* AppDelegate.h */,
				A67C44A41C6895C200F5FC86 /* AppDelegate.m */,
				A67C44A61C6895C200F5FC86 /* ViewController.h */,
				A67C44A71C6895C200F5FC86 /* ViewController.m */,
				A656B5C31C74A71E00FD1212 /* PhotoViewController.h */,
				A656B5C41C74A71E00FD1212 /* PhotoViewController.m */,
				A65C91C91C78BD94005788BF /* TestAutoLayout2.xib */,
				A65C91CB1C78BE22005788BF /* AutoLayoutScrollViewController.h */,
				A65C91CC1C78BE22005788BF /* AutoLayoutScrollViewController.m */,
				A65C91CD1C78BE22005788BF /* AutoLayoutScrollViewController.xib */,
				A65C91BF1C77AEAC005788BF /* TextAutoLayoutView.xib */,
				A65734FA1C6B443100A6FE3E /* MyFlickerTableViewCell.h */,
				A65734FB1C6B443100A6FE3E /* MyFlickerTableViewCell.m */,
				A656B5C61C74E76D00FD1212 /* Main.storyboard */,
				A65734FC1C6B443100A6FE3E /* MyFlickerTableViewCell.xib */,
				A67C44C81C68A50600F5FC86 /* ItemsTableViewController.h */,
				A67C44C91C68A50600F5FC86 /* ItemsTableViewController.m */,
				A65734FF1C6B457800A6FE3E /* RecentPhotosTableViewController.h */,
				A65735001C6B457800A6FE3E /* RecentPhotosTableViewController.m */,
				A67C44C51C6896E700F5FC86 /* MyFlickerPhoto.h */,
				A67C44C61C6896E700F5FC86 /* MyFlickerPhoto.m */,
				A65C91C61C78ACD6005788BF /* ServiceCallManager.h */,
				A65C91C71C78ACD6005788BF /* ServiceCallManager.m */,
				A65734F81C69364A00A6FE3E /* core data */,
				A65C91C11C77B57E005788BF /* poze */,
				A67C44AC1C6895C200F5FC86 /* Assets.xcassets */,
				A67C44AE1C6895C200F5FC86 /* LaunchScreen.storyboard */,
				A67C44B11C6895C200F5FC86 /* Info.plist */,
				A67C44A01C6895C200F5FC86 /* Supporting Files */,
			);
			path = PhotosFromFlicker;
			sourceTree = "<group>";
		};
		A67C44A01C6895C200F5FC86 /* Supporting Files */ = {
			isa = PBXGroup;
			children = (
				A67C44A11C6895C200F5FC86 /* main.m */,
			);
			name = "Supporting Files";
			sourceTree = "<group>";
		};
		A67C44B91C6895C200F5FC86 /* PhotosFromFlickerUITests */ = {
			isa = PBXGroup;
			children = (
				A67C44BA1C6895C200F5FC86 /* PhotosFromFlickerUITests.m */,
				A67C44BC1C6895C200F5FC86 /* Info.plist */,
			);
			path = PhotosFromFlickerUITests;
			sourceTree = "<group>";
		};
/* End PBXGroup section */

/* Begin PBXNativeTarget section */
		A67C449C1C6895C200F5FC86 /* PhotosFromFlicker */ = {
			isa = PBXNativeTarget;
			buildConfigurationList = A67C44BF1C6895C200F5FC86 /* Build configuration list for PBXNativeTarget "PhotosFromFlicker" */;
			buildPhases = (
				A67C44991C6895C200F5FC86 /* Sources */,
				A67C449A1C6895C200F5FC86 /* Frameworks */,
				A67C449B1C6895C200F5FC86 /* Resources */,
			);
			buildRules = (
			);
			dependencies = (
			);
			name = PhotosFromFlicker;
			productName = PhotosFromFlicker;
			productReference = A67C449D1C6895C200F5FC86 /* PhotosFromFlicker.app */;
			productType = "com.apple.product-type.application";
		};
		A67C44B51C6895C200F5FC86 /* PhotosFromFlickerUITests */ = {
			isa = PBXNativeTarget;
			buildConfigurationList = A67C44C21C6895C200F5FC86 /* Build configuration list for PBXNativeTarget "PhotosFromFlickerUITests" */;
			buildPhases = (
				A67C44B21C6895C200F5FC86 /* Sources */,
				A67C44B31C6895C200F5FC86 /* Frameworks */,
				A67C44B41C6895C200F5FC86 /* Resources */,
			);
			buildRules = (
			);
			dependencies = (
				A67C44B81C6895C200F5FC86 /* PBXTargetDependency */,
			);
			name = PhotosFromFlickerUITests;
			productName = PhotosFromFlickerUITests;
			productReference = A67C44B61C6895C200F5FC86 /* PhotosFromFlickerUITests.xctest */;
			productType = "com.apple.product-type.bundle.ui-testing";
		};
/* End PBXNativeTarget section */

/* Begin PBXProject section */
		A67C44951C6895C200F5FC86 /* Project object */ = {
			isa = PBXProject;
			attributes = {
				LastUpgradeCheck = 0720;
				ORGANIZATIONNAME = Horatiu;
				TargetAttributes = {
					A67C449C1C6895C200F5FC86 = {
						CreatedOnToolsVersion = 7.2;
					};
					A67C44B51C6895C200F5FC86 = {
						CreatedOnToolsVersion = 7.2;
						TestTargetID = A67C449C1C6895C200F5FC86;
					};
				};
			};
			buildConfigurationList = A67C44981C6895C200F5FC86 /* Build configuration list for PBXProject "PhotosFromFlicker" */;
			compatibilityVersion = "Xcode 3.2";
			developmentRegion = English;
			hasScannedForEncodings = 0;
			knownRegions = (
				en,
				Base,
			);
			mainGroup = A67C44941C6895C200F5FC86;
			productRefGroup = A67C449E1C6895C200F5FC86 /* Products */;
			projectDirPath = "";
			projectRoot = "";
			targets = (
				A67C449C1C6895C200F5FC86 /* PhotosFromFlicker */,
				A67C44B51C6895C200F5FC86 /* PhotosFromFlickerUITests */,
			);
		};
/* End PBXProject section */

/* Begin PBXResourcesBuildPhase section */
		A67C449B1C6895C200F5FC86 /* Resources */ = {
			isa = PBXResourcesBuildPhase;
			buildActionMask = 2147483647;
			files = (
				A65C91C01C77AEAC005788BF /* TextAutoLayoutView.xib in Resources */,
				A65734FE1C6B443100A6FE3E /* MyFlickerTableViewCell.xib in Resources */,
				A65C91C51C77B57E005788BF /* pexels-photo-small.jpeg in Resources */,
				A67C44B01C6895C200F5FC86 /* LaunchScreen.storyboard in Resources */,
				A65C91CF1C78BE22005788BF /* AutoLayoutScrollViewController.xib in Resources */,
				A65C91C41C77B57E005788BF /* landscape-mountains-nature-clouds.jpg in Resources */,
				A65C91CA1C78BD94005788BF /* TestAutoLayout2.xib in Resources */,
				A67C44AD1C6895C200F5FC86 /* Assets.xcassets in Resources */,
				A656B5C71C74E76D00FD1212 /* Main.storyboard in Resources */,
			);
			runOnlyForDeploymentPostprocessing = 0;
		};
		A67C44B41C6895C200F5FC86 /* Resources */ = {
			isa = PBXResourcesBuildPhase;
			buildActionMask = 2147483647;
			files = (
			);
			runOnlyForDeploymentPostprocessing = 0;
		};
/* End PBXResourcesBuildPhase section */

/* Begin PBXSourcesBuildPhase section */
		A67C44991C6895C200F5FC86 /* Sources */ = {
			isa = PBXSourcesBuildPhase;
			buildActionMask = 2147483647;
			files = (
				A67C44A81C6895C200F5FC86 /* ViewController.m in Sources */,
				A65C91C81C78ACD6005788BF /* ServiceCallManager.m in Sources */,
				A65734F51C69360A00A6FE3E /* FlickerPhotoCoreData+CoreDataProperties.m in Sources */,
				A67C44D51C6932F300F5FC86 /* CoreDataManager.m in Sources */,
				A65735011C6B457800A6FE3E /* RecentPhotosTableViewController.m in Sources */,
				A67C44CA1C68A50600F5FC86 /* ItemsTableViewController.m in Sources */,
				A67C44A51C6895C200F5FC86 /* AppDelegate.m in Sources */,
				A65734FD1C6B443100A6FE3E /* MyFlickerTableViewCell.m in Sources */,
				A65C91CE1C78BE22005788BF /* AutoLayoutScrollViewController.m in Sources */,
				A656B5C51C74A71E00FD1212 /* PhotoViewController.m in Sources */,
				A67C44DA1C6933EA00F5FC86 /* ModelulDeCoreData.xcdatamodeld in Sources */,
				A67C44A21C6895C200F5FC86 /* main.m in Sources */,
				A65734F61C69360A00A6FE3E /* FlickerPhotoCoreData.m in Sources */,
				A67C44C71C6896E700F5FC86 /* MyFlickerPhoto.m in Sources */,
			);
			runOnlyForDeploymentPostprocessing = 0;
		};
		A67C44B21C6895C200F5FC86 /* Sources */ = {
			isa = PBXSourcesBuildPhase;
			buildActionMask = 2147483647;
			files = (
				A67C44BB1C6895C200F5FC86 /* PhotosFromFlickerUITests.m in Sources */,
			);
			runOnlyForDeploymentPostprocessing = 0;
		};
/* End PBXSourcesBuildPhase section */

/* Begin PBXTargetDependency section */
		A67C44B81C6895C200F5FC86 /* PBXTargetDependency */ = {
			isa = PBXTargetDependency;
			target = A67C449C1C6895C200F5FC86 /* PhotosFromFlicker */;
			targetProxy = A67C44B71C6895C200F5FC86 /* PBXContainerItemProxy */;
		};
/* End PBXTargetDependency section */

/* Begin PBXVariantGroup section */
		A67C44AE1C6895C200F5FC86 /* LaunchScreen.storyboard */ = {
			isa = PBXVariantGroup;
			children = (
				A67C44AF1C6895C200F5FC86 /* Base */,
			);
			name = LaunchScreen.storyboard;
			sourceTree = "<group>";
		};
/* End PBXVariantGroup section */

/* Begin XCBuildConfiguration section */
		A67C44BD1C6895C200F5FC86 /* Debug */ = {
			isa = XCBuildConfiguration;
			buildSettings = {
				ALWAYS_SEARCH_USER_PATHS = NO;
				CLANG_CXX_LANGUAGE_STANDARD = "gnu++0x";
				CLANG_CXX_LIBRARY = "libc++";
				CLANG_ENABLE_MODULES = YES;
				CLANG_ENABLE_OBJC_ARC = YES;
				CLANG_WARN_BOOL_CONVERSION = YES;
				CLANG_WARN_CONSTANT_CONVERSION = YES;
				CLANG_WARN_DIRECT_OBJC_ISA_USAGE = YES_ERROR;
				CLANG_WARN_EMPTY_BODY = YES;
				CLANG_WARN_ENUM_CONVERSION = YES;
				CLANG_WARN_INT_CONVERSION = YES;
				CLANG_WARN_OBJC_ROOT_CLASS = YES_ERROR;
				CLANG_WARN_UNREACHABLE_CODE = YES;
				CLANG_WARN__DUPLICATE_METHOD_MATCH = YES;
				"CODE_SIGN_IDENTITY[sdk=iphoneos*]" = "iPhone Developer";
				COPY_PHASE_STRIP = NO;
				DEBUG_INFORMATION_FORMAT = dwarf;
				ENABLE_STRICT_OBJC_MSGSEND = YES;
				ENABLE_TESTABILITY = YES;
				GCC_C_LANGUAGE_STANDARD = gnu99;
				GCC_DYNAMIC_NO_PIC = NO;
				GCC_NO_COMMON_BLOCKS = YES;
				GCC_OPTIMIZATION_LEVEL = 0;
				GCC_PREPROCESSOR_DEFINITIONS = (
					"DEBUG=1",
					"$(inherited)",
				);
				GCC_WARN_64_TO_32_BIT_CONVERSION = YES;
				GCC_WARN_ABOUT_RETURN_TYPE = YES_ERROR;
				GCC_WARN_UNDECLARED_SELECTOR = YES;
				GCC_WARN_UNINITIALIZED_AUTOS = YES_AGGRESSIVE;
				GCC_WARN_UNUSED_FUNCTION = YES;
				GCC_WARN_UNUSED_VARIABLE = YES;
				IPHONEOS_DEPLOYMENT_TARGET = 9.2;
				MTL_ENABLE_DEBUG_INFO = YES;
				ONLY_ACTIVE_ARCH = YES;
				SDKROOT = iphoneos;
				TARGETED_DEVICE_FAMILY = "1,2";
			};
			name = Debug;
		};
		A67C44BE1C6895C200F5FC86 /* Release */ = {
			isa = XCBuildConfiguration;
			buildSettings = {
				ALWAYS_SEARCH_USER_PATHS = NO;
				CLANG_CXX_LANGUAGE_STANDARD = "gnu++0x";
				CLANG_CXX_LIBRARY = "libc++";
				CLANG_ENABLE_MODULES = YES;
				CLANG_ENABLE_OBJC_ARC = YES;
				CLANG_WARN_BOOL_CONVERSION = YES;
				CLANG_WARN_CONSTANT_CONVERSION = YES;
				CLANG_WARN_DIRECT_OBJC_ISA_USAGE = YES_ERROR;
				CLANG_WARN_EMPTY_BODY = YES;
				CLANG_WARN_ENUM_CONVERSION = YES;
				CLANG_WARN_INT_CONVERSION = YES;
				CLANG_WARN_OBJC_ROOT_CLASS = YES_ERROR;
				CLANG_WARN_UNREACHABLE_CODE = YES;
				CLANG_WARN__DUPLICATE_METHOD_MATCH = YES;
				"CODE_SIGN_IDENTITY[sdk=iphoneos*]" = "iPhone Developer";
				COPY_PHASE_STRIP = NO;
				DEBUG_INFORMATION_FORMAT = "dwarf-with-dsym";
				ENABLE_NS_ASSERTIONS = NO;
				ENABLE_STRICT_OBJC_MSGSEND = YES;
				GCC_C_LANGUAGE_STANDARD = gnu99;
				GCC_NO_COMMON_BLOCKS = YES;
				GCC_WARN_64_TO_32_BIT_CONVERSION = YES;
				GCC_WARN_ABOUT_RETURN_TYPE = YES_ERROR;
				GCC_WARN_UNDECLARED_SELECTOR = YES;
				GCC_WARN_UNINITIALIZED_AUTOS = YES_AGGRESSIVE;
				GCC_WARN_UNUSED_FUNCTION = YES;
				GCC_WARN_UNUSED_VARIABLE = YES;
				IPHONEOS_DEPLOYMENT_TARGET = 9.2;
				MTL_ENABLE_DEBUG_INFO = NO;
				SDKROOT = iphoneos;
				TARGETED_DEVICE_FAMILY = "1,2";
				VALIDATE_PRODUCT = YES;
			};
			name = Release;
		};
		A67C44C01C6895C200F5FC86 /* Debug */ = {
			isa = XCBuildConfiguration;
			buildSettings = {
				ASSETCATALOG_COMPILER_APPICON_NAME = AppIcon;
				INFOPLIST_FILE = PhotosFromFlicker/Info.plist;
				LD_RUNPATH_SEARCH_PATHS = "$(inherited) @executable_path/Frameworks";
				PRODUCT_BUNDLE_IDENTIFIER = com.patras.PhotosFromFlicker;
				PRODUCT_NAME = "$(TARGET_NAME)";
			};
			name = Debug;
		};
		A67C44C11C6895C200F5FC86 /* Release */ = {
			isa = XCBuildConfiguration;
			buildSettings = {
				ASSETCATALOG_COMPILER_APPICON_NAME = AppIcon;
				INFOPLIST_FILE = PhotosFromFlicker/Info.plist;
				LD_RUNPATH_SEARCH_PATHS = "$(inherited) @executable_path/Frameworks";
				PRODUCT_BUNDLE_IDENTIFIER = com.patras.PhotosFromFlicker;
				PRODUCT_NAME = "$(TARGET_NAME)";
			};
			name = Release;
		};
		A67C44C31C6895C200F5FC86 /* Debug */ = {
			isa = XCBuildConfiguration;
			buildSettings = {
				INFOPLIST_FILE = PhotosFromFlickerUITests/Info.plist;
				LD_RUNPATH_SEARCH_PATHS = "$(inherited) @executable_path/Frameworks @loader_path/Frameworks";
				PRODUCT_BUNDLE_IDENTIFIER = com.patras.PhotosFromFlickerUITests;
				PRODUCT_NAME = "$(TARGET_NAME)";
				TEST_TARGET_NAME = PhotosFromFlicker;
				USES_XCTRUNNER = YES;
			};
			name = Debug;
		};
		A67C44C41C6895C200F5FC86 /* Release */ = {
			isa = XCBuildConfiguration;
			buildSettings = {
				INFOPLIST_FILE = PhotosFromFlickerUITests/Info.plist;
				LD_RUNPATH_SEARCH_PATHS = "$(inherited) @executable_path/Frameworks @loader_path/Frameworks";
				PRODUCT_BUNDLE_IDENTIFIER = com.patras.PhotosFromFlickerUITests;
				PRODUCT_NAME = "$(TARGET_NAME)";
				TEST_TARGET_NAME = PhotosFromFlicker;
				USES_XCTRUNNER = YES;
			};
			name = Release;
		};
/* End XCBuildConfiguration section */

/* Begin XCConfigurationList section */
		A67C44981C6895C200F5FC86 /* Build configuration list for PBXProject "PhotosFromFlicker" */ = {
			isa = XCConfigurationList;
			buildConfigurations = (
				A67C44BD1C6895C200F5FC86 /* Debug */,
				A67C44BE1C6895C200F5FC86 /* Release */,
			);
			defaultConfigurationIsVisible = 0;
			defaultConfigurationName = Release;
		};
		A67C44BF1C6895C200F5FC86 /* Build configuration list for PBXNativeTarget "PhotosFromFlicker" */ = {
			isa = XCConfigurationList;
			buildConfigurations = (
				A67C44C01C6895C200F5FC86 /* Debug */,
				A67C44C11C6895C200F5FC86 /* Release */,
			);
			defaultConfigurationIsVisible = 0;
			defaultConfigurationName = Release;
		};
		A67C44C21C6895C200F5FC86 /* Build configuration list for PBXNativeTarget "PhotosFromFlickerUITests" */ = {
			isa = XCConfigurationList;
			buildConfigurations = (
				A67C44C31C6895C200F5FC86 /* Debug */,
				A67C44C41C6895C200F5FC86 /* Release */,
			);
			defaultConfigurationIsVisible = 0;
			defaultConfigurationName = Release;
		};
/* End XCConfigurationList section */

/* Begin XCVersionGroup section */
		A67C44D81C6933EA00F5FC86 /* ModelulDeCoreData.xcdatamodeld */ = {
			isa = XCVersionGroup;
			children = (
				A67C44D91C6933EA00F5FC86 /* ModelulDeCoreData.xcdatamodel */,
			);
			currentVersion = A67C44D91C6933EA00F5FC86 /* ModelulDeCoreData.xcdatamodel */;
			path = ModelulDeCoreData.xcdatamodeld;
			sourceTree = "<group>";
			versionGroupType = wrapper.xcdatamodel;
		};
/* End XCVersionGroup section */
	};
	rootObject = A67C44951C6895C200F5FC86 /* Project object */;
}
